PODS:
  - FormatterKit (1.8.0):
    - FormatterKit/AddressFormatter (= 1.8.0)
    - FormatterKit/ArrayFormatter (= 1.8.0)
    - FormatterKit/ColorFormatter (= 1.8.0)
    - FormatterKit/LocationFormatter (= 1.8.0)
    - FormatterKit/NameFormatter (= 1.8.0)
    - FormatterKit/OrdinalNumberFormatter (= 1.8.0)
    - FormatterKit/TimeIntervalFormatter (= 1.8.0)
    - FormatterKit/UnitOfInformationFormatter (= 1.8.0)
    - FormatterKit/URLRequestFormatter (= 1.8.0)
  - FormatterKit/AddressFormatter (1.8.0)
  - FormatterKit/ArrayFormatter (1.8.0)
  - FormatterKit/ColorFormatter (1.8.0)
  - FormatterKit/LocationFormatter (1.8.0)
  - FormatterKit/NameFormatter (1.8.0)
  - FormatterKit/OrdinalNumberFormatter (1.8.0)
  - FormatterKit/TimeIntervalFormatter (1.8.0)
  - FormatterKit/UnitOfInformationFormatter (1.8.0)
  - FormatterKit/URLRequestFormatter (1.8.0)
  - HackerNewsKit (1.01)
  - JHChainableAnimations (1.3.0)
  - MWFeedParser (1.0.1):
    - MWFeedParser/FeedParser (= 1.0.1)
    - MWFeedParser/NSDate+InternetDateTime (= 1.0.1)
    - MWFeedParser/NSString+HTML (= 1.0.1)
  - MWFeedParser/FeedParser (1.0.1):
    - MWFeedParser/NSDate+InternetDateTime
    - MWFeedParser/NSString+HTML
  - MWFeedParser/NSDate+InternetDateTime (1.0.1)
  - MWFeedParser/NSString+HTML (1.0.1)
  - OCMock (3.2)
  - SFAdditions (1.0)
  - TTTAttributedLabel (1.13.4)

DEPENDENCIES:
  - FormatterKit
  - HackerNewsKit (from `~/Development/iOSDevelopment/Library/HackerNewsKit`)
  - JHChainableAnimations
  - MWFeedParser
  - OCMock (~> 3.2)
  - SFAdditions (from `~/Development/iOSDevelopment/Library/SFAdditions`)
  - TTTAttributedLabel

EXTERNAL SOURCES:
  HackerNewsKit:
    :path: "~/Development/iOSDevelopment/Library/HackerNewsKit"
  SFAdditions:
    :path: "~/Development/iOSDevelopment/Library/SFAdditions"

SPEC CHECKSUMS:
  FormatterKit: bddde83e054edf9d9ee14f9de3b3a5103db256f4
  HackerNewsKit: f37ac843f369ed31cb4c88f88e09be788ffaf6b3
  JHChainableAnimations: 22085fcb04ca87349e584573558e637f659fd769
  MWFeedParser: 2cf646014c1baf6ad1b08c480b40a08180079247
  OCMock: 28def049ef47f996b515a8eeea958be7ccab2dbb
  SFAdditions: 5cf9846fd9f777121db0e70e96f1e689e224260d
  TTTAttributedLabel: 0a2ac7b2dd726d32a070dafb01446026b11e624f

COCOAPODS: 0.39.0
