// !$*UTF8*$!
{
	archiveVersion = 1;
	classes = {
	};
	objectVersion = 46;
	objects = {

/* Begin PBXBuildFile section */
		244089BB224B00B70113D0A4 /* Pods.framework in Frameworks */ = {isa = PBXBuildFile; fileRef = 32A3B47AB92871282A7C8F50 /* Pods.framework */; };
		76A8F91F9C3E480C77A93C63 /* Pods.framework in Frameworks */ = {isa = PBXBuildFile; fileRef = 32A3B47AB92871282A7C8F50 /* Pods.framework */; };
		EE68F99A1C13F3D800488441 /* CAdditions.m in Sources */ = {isa = PBXBuildFile; fileRef = EE68F9991C13F3D800488441 /* CAdditions.m */; };
		EE68F99E1C13FD2800488441 /* CArrayDataSource.m in Sources */ = {isa = PBXBuildFile; fileRef = EE68F99D1C13FD2800488441 /* CArrayDataSource.m */; };
		EE68F9A01C13FE0300488441 /* CArrayDataSourceTests.m in Sources */ = {isa = PBXBuildFile; fileRef = EE68F99F1C13FE0300488441 /* CArrayDataSourceTests.m */; };
		EE6D8D0B1C3B4C00001422AC /* CCommentViewModel.m in Sources */ = {isa = PBXBuildFile; fileRef = EE6D8D0A1C3B4C00001422AC /* CCommentViewModel.m */; };
		EE6D8D0D1C3B4C6C001422AC /* CCommentViewModelTests.m in Sources */ = {isa = PBXBuildFile; fileRef = EE6D8D0C1C3B4C6C001422AC /* CCommentViewModelTests.m */; };
		EE7ECFFD1B4CBD0700A368DB /* CStoryTableViewCell.m in Sources */ = {isa = PBXBuildFile; fileRef = EE7ECFFB1B4CBD0700A368DB /* CStoryTableViewCell.m */; };
		EE7ECFFE1B4CBD0700A368DB /* CStoryTableViewCell.xib in Resources */ = {isa = PBXBuildFile; fileRef = EE7ECFFC1B4CBD0700A368DB /* CStoryTableViewCell.xib */; };
		EE843E0D1C3F6CD80056B6CE /* Images.xcassets in Resources */ = {isa = PBXBuildFile; fileRef = EE843E0B1C3F6CD40056B6CE /* Images.xcassets */; };
		EE87554B1C3B35A700B18E93 /* XCTestCase+MockAdditions.m in Sources */ = {isa = PBXBuildFile; fileRef = EE87554A1C3B35A700B18E93 /* XCTestCase+MockAdditions.m */; };
		EE87554F1C3B400300B18E93 /* CCommentViewController.m in Sources */ = {isa = PBXBuildFile; fileRef = EE87554E1C3B400300B18E93 /* CCommentViewController.m */; };
		EE8755511C3B404500B18E93 /* CCommentViewControllerTests.m in Sources */ = {isa = PBXBuildFile; fileRef = EE8755501C3B404500B18E93 /* CCommentViewControllerTests.m */; };
		EE8755571C3B43EF00B18E93 /* UIViewController+ErrorAdditions.m in Sources */ = {isa = PBXBuildFile; fileRef = EE8755561C3B43EF00B18E93 /* UIViewController+ErrorAdditions.m */; };
		EE9A20A01C35D67100FE758D /* CTableViewController.m in Sources */ = {isa = PBXBuildFile; fileRef = EE9A209F1C35D67100FE758D /* CTableViewController.m */; };
		EE9A20A21C35D71C00FE758D /* CTableViewControllerTests.m in Sources */ = {isa = PBXBuildFile; fileRef = EE9A20A11C35D71C00FE758D /* CTableViewControllerTests.m */; };
		EE9A20A61C35D82400FE758D /* CInspectableTableViewController.m in Sources */ = {isa = PBXBuildFile; fileRef = EE9A20A51C35D82400FE758D /* CInspectableTableViewController.m */; };
		EE9A20AA1C35DBD900FE758D /* CStoryViewController.m in Sources */ = {isa = PBXBuildFile; fileRef = EE9A20A91C35DBD900FE758D /* CStoryViewController.m */; };
		EE9A20AC1C35DC5500FE758D /* CStoryViewControllerTests.m in Sources */ = {isa = PBXBuildFile; fileRef = EE9A20AB1C35DC5500FE758D /* CStoryViewControllerTests.m */; };
		EE9A20AE1C35DFEB00FE758D /* CStoryTableViewCellTests.m in Sources */ = {isa = PBXBuildFile; fileRef = EE9A20AD1C35DFEB00FE758D /* CStoryTableViewCellTests.m */; };
		EE9A20B31C35EAF400FE758D /* CTableViewCellTests.m in Sources */ = {isa = PBXBuildFile; fileRef = EE9A20B21C35EAF400FE758D /* CTableViewCellTests.m */; };
		EE9A20B61C35EB0A00FE758D /* CTableViewCell.m in Sources */ = {isa = PBXBuildFile; fileRef = EE9A20B51C35EB0A00FE758D /* CTableViewCell.m */; };
		EE9A20BC1C35EE0800FE758D /* CStoryViewModel.m in Sources */ = {isa = PBXBuildFile; fileRef = EE9A20BB1C35EE0800FE758D /* CStoryViewModel.m */; };
		EE9A20BE1C35EE2200FE758D /* CStoryViewModelTests.m in Sources */ = {isa = PBXBuildFile; fileRef = EE9A20BD1C35EE2200FE758D /* CStoryViewModelTests.m */; };
		EE9B05401B58B70B00260F69 /* CCommentTableViewCell.m in Sources */ = {isa = PBXBuildFile; fileRef = EE9B053F1B58B70B00260F69 /* CCommentTableViewCell.m */; };
		EE9B05421B58B72100260F69 /* CCommentTableViewCell.xib in Resources */ = {isa = PBXBuildFile; fileRef = EE9B05411B58B72100260F69 /* CCommentTableViewCell.xib */; };
		EEA34D7A1B555A1600C26E58 /* CNumberBubbleView.m in Sources */ = {isa = PBXBuildFile; fileRef = EEA34D791B555A1600C26E58 /* CNumberBubbleView.m */; };
		EEA34D811B5562F400C26E58 /* CPointerView.m in Sources */ = {isa = PBXBuildFile; fileRef = EEA34D801B5562F400C26E58 /* CPointerView.m */; };
		EED5194A1B9FDC41009E79C1 /* CCustomTitleLabel.m in Sources */ = {isa = PBXBuildFile; fileRef = EED519491B9FDC41009E79C1 /* CCustomTitleLabel.m */; };
		EEFDE96A1B3B91D20035556D /* main.m in Sources */ = {isa = PBXBuildFile; fileRef = EEFDE9691B3B91D20035556D /* main.m */; };
		EEFDE96D1B3B91D20035556D /* CAppDelegate.m in Sources */ = {isa = PBXBuildFile; fileRef = EEFDE96C1B3B91D20035556D /* CAppDelegate.m */; };
/* End PBXBuildFile section */

/* Begin PBXContainerItemProxy section */
		EEFDE97E1B3B91D20035556D /* PBXContainerItemProxy */ = {
			isa = PBXContainerItemProxy;
			containerPortal = EEFDE95C1B3B91D20035556D /* Project object */;
			proxyType = 1;
			remoteGlobalIDString = EEFDE9631B3B91D20035556D;
			remoteInfo = HackerNewz;
		};
/* End PBXContainerItemProxy section */

/* Begin PBXFileReference section */
		32A3B47AB92871282A7C8F50 /* Pods.framework */ = {isa = PBXFileReference; explicitFileType = wrapper.framework; includeInIndex = 0; path = Pods.framework; sourceTree = BUILT_PRODUCTS_DIR; };
		773FD300B0AB626D2FC33D0C /* Pods.release.xcconfig */ = {isa = PBXFileReference; includeInIndex = 1; lastKnownFileType = text.xcconfig; name = Pods.release.xcconfig; path = "Pods/Target Support Files/Pods/Pods.release.xcconfig"; sourceTree = "<group>"; };
		DC468A4354222042CD6D5D27 /* Pods.debug.xcconfig */ = {isa = PBXFileReference; includeInIndex = 1; lastKnownFileType = text.xcconfig; name = Pods.debug.xcconfig; path = "Pods/Target Support Files/Pods/Pods.debug.xcconfig"; sourceTree = "<group>"; };
		EE18ACC01C3B618C00EE9F17 /* CTableViewRefreshDelegate.h */ = {isa = PBXFileReference; fileEncoding = 4; lastKnownFileType = sourcecode.c.h; path = CTableViewRefreshDelegate.h; sourceTree = "<group>"; };
		EE68F9981C13F3D800488441 /* CAdditions.h */ = {isa = PBXFileReference; fileEncoding = 4; lastKnownFileType = sourcecode.c.h; path = CAdditions.h; sourceTree = "<group>"; };
		EE68F9991C13F3D800488441 /* CAdditions.m */ = {isa = PBXFileReference; fileEncoding = 4; lastKnownFileType = sourcecode.c.objc; path = CAdditions.m; sourceTree = "<group>"; };
		EE68F99C1C13FD2800488441 /* CArrayDataSource.h */ = {isa = PBXFileReference; fileEncoding = 4; lastKnownFileType = sourcecode.c.h; path = CArrayDataSource.h; sourceTree = "<group>"; };
		EE68F99D1C13FD2800488441 /* CArrayDataSource.m */ = {isa = PBXFileReference; fileEncoding = 4; lastKnownFileType = sourcecode.c.objc; path = CArrayDataSource.m; sourceTree = "<group>"; };
		EE68F99F1C13FE0300488441 /* CArrayDataSourceTests.m */ = {isa = PBXFileReference; fileEncoding = 4; lastKnownFileType = sourcecode.c.objc; path = CArrayDataSourceTests.m; sourceTree = "<group>"; };
		EE6D8D091C3B4C00001422AC /* CCommentViewModel.h */ = {isa = PBXFileReference; fileEncoding = 4; lastKnownFileType = sourcecode.c.h; path = CCommentViewModel.h; sourceTree = "<group>"; };
		EE6D8D0A1C3B4C00001422AC /* CCommentViewModel.m */ = {isa = PBXFileReference; fileEncoding = 4; lastKnownFileType = sourcecode.c.objc; path = CCommentViewModel.m; sourceTree = "<group>"; };
		EE6D8D0C1C3B4C6C001422AC /* CCommentViewModelTests.m */ = {isa = PBXFileReference; fileEncoding = 4; lastKnownFileType = sourcecode.c.objc; name = CCommentViewModelTests.m; path = CognitionTests/CCommentViewModelTests.m; sourceTree = SOURCE_ROOT; };
		EE7ECFFA1B4CBD0700A368DB /* CStoryTableViewCell.h */ = {isa = PBXFileReference; fileEncoding = 4; lastKnownFileType = sourcecode.c.h; path = CStoryTableViewCell.h; sourceTree = "<group>"; };
		EE7ECFFB1B4CBD0700A368DB /* CStoryTableViewCell.m */ = {isa = PBXFileReference; fileEncoding = 4; lastKnownFileType = sourcecode.c.objc; path = CStoryTableViewCell.m; sourceTree = "<group>"; };
		EE7ECFFC1B4CBD0700A368DB /* CStoryTableViewCell.xib */ = {isa = PBXFileReference; fileEncoding = 4; lastKnownFileType = file.xib; path = CStoryTableViewCell.xib; sourceTree = "<group>"; };
		EE843E0B1C3F6CD40056B6CE /* Images.xcassets */ = {isa = PBXFileReference; lastKnownFileType = folder.assetcatalog; name = Images.xcassets; path = Cognition/Images.xcassets; sourceTree = SOURCE_ROOT; };
		EE8755491C3B35A700B18E93 /* XCTestCase+MockAdditions.h */ = {isa = PBXFileReference; fileEncoding = 4; lastKnownFileType = sourcecode.c.h; path = "XCTestCase+MockAdditions.h"; sourceTree = "<group>"; };
		EE87554A1C3B35A700B18E93 /* XCTestCase+MockAdditions.m */ = {isa = PBXFileReference; fileEncoding = 4; lastKnownFileType = sourcecode.c.objc; path = "XCTestCase+MockAdditions.m"; sourceTree = "<group>"; };
		EE87554D1C3B400300B18E93 /* CCommentViewController.h */ = {isa = PBXFileReference; fileEncoding = 4; lastKnownFileType = sourcecode.c.h; path = CCommentViewController.h; sourceTree = "<group>"; };
		EE87554E1C3B400300B18E93 /* CCommentViewController.m */ = {isa = PBXFileReference; fileEncoding = 4; lastKnownFileType = sourcecode.c.objc; path = CCommentViewController.m; sourceTree = "<group>"; };
		EE8755501C3B404500B18E93 /* CCommentViewControllerTests.m */ = {isa = PBXFileReference; fileEncoding = 4; lastKnownFileType = sourcecode.c.objc; path = CCommentViewControllerTests.m; sourceTree = "<group>"; };
		EE8755551C3B43EF00B18E93 /* UIViewController+ErrorAdditions.h */ = {isa = PBXFileReference; fileEncoding = 4; lastKnownFileType = sourcecode.c.h; path = "UIViewController+ErrorAdditions.h"; sourceTree = "<group>"; };
		EE8755561C3B43EF00B18E93 /* UIViewController+ErrorAdditions.m */ = {isa = PBXFileReference; fileEncoding = 4; lastKnownFileType = sourcecode.c.objc; path = "UIViewController+ErrorAdditions.m"; sourceTree = "<group>"; };
		EE8755591C3B461400B18E93 /* CTableViewCellButtonDelegate.h */ = {isa = PBXFileReference; lastKnownFileType = sourcecode.c.h; path = CTableViewCellButtonDelegate.h; sourceTree = "<group>"; };
		EE9A209E1C35D67100FE758D /* CTableViewController.h */ = {isa = PBXFileReference; fileEncoding = 4; lastKnownFileType = sourcecode.c.h; path = CTableViewController.h; sourceTree = "<group>"; };
		EE9A209F1C35D67100FE758D /* CTableViewController.m */ = {isa = PBXFileReference; fileEncoding = 4; lastKnownFileType = sourcecode.c.objc; path = CTableViewController.m; sourceTree = "<group>"; };
		EE9A20A11C35D71C00FE758D /* CTableViewControllerTests.m */ = {isa = PBXFileReference; fileEncoding = 4; lastKnownFileType = sourcecode.c.objc; path = CTableViewControllerTests.m; sourceTree = "<group>"; };
		EE9A20A41C35D82400FE758D /* CInspectableTableViewController.h */ = {isa = PBXFileReference; fileEncoding = 4; lastKnownFileType = sourcecode.c.h; path = CInspectableTableViewController.h; sourceTree = "<group>"; };
		EE9A20A51C35D82400FE758D /* CInspectableTableViewController.m */ = {isa = PBXFileReference; fileEncoding = 4; lastKnownFileType = sourcecode.c.objc; path = CInspectableTableViewController.m; sourceTree = "<group>"; };
		EE9A20A81C35DBD900FE758D /* CStoryViewController.h */ = {isa = PBXFileReference; fileEncoding = 4; lastKnownFileType = sourcecode.c.h; path = CStoryViewController.h; sourceTree = "<group>"; };
		EE9A20A91C35DBD900FE758D /* CStoryViewController.m */ = {isa = PBXFileReference; fileEncoding = 4; lastKnownFileType = sourcecode.c.objc; path = CStoryViewController.m; sourceTree = "<group>"; };
		EE9A20AB1C35DC5500FE758D /* CStoryViewControllerTests.m */ = {isa = PBXFileReference; fileEncoding = 4; lastKnownFileType = sourcecode.c.objc; path = CStoryViewControllerTests.m; sourceTree = "<group>"; };
		EE9A20AD1C35DFEB00FE758D /* CStoryTableViewCellTests.m */ = {isa = PBXFileReference; fileEncoding = 4; lastKnownFileType = sourcecode.c.objc; path = CStoryTableViewCellTests.m; sourceTree = "<group>"; };
		EE9A20B21C35EAF400FE758D /* CTableViewCellTests.m */ = {isa = PBXFileReference; fileEncoding = 4; lastKnownFileType = sourcecode.c.objc; path = CTableViewCellTests.m; sourceTree = "<group>"; };
		EE9A20B41C35EB0A00FE758D /* CTableViewCell.h */ = {isa = PBXFileReference; fileEncoding = 4; lastKnownFileType = sourcecode.c.h; path = CTableViewCell.h; sourceTree = "<group>"; };
		EE9A20B51C35EB0A00FE758D /* CTableViewCell.m */ = {isa = PBXFileReference; fileEncoding = 4; lastKnownFileType = sourcecode.c.objc; path = CTableViewCell.m; sourceTree = "<group>"; };
		EE9A20BA1C35EE0800FE758D /* CStoryViewModel.h */ = {isa = PBXFileReference; fileEncoding = 4; lastKnownFileType = sourcecode.c.h; path = CStoryViewModel.h; sourceTree = "<group>"; };
		EE9A20BB1C35EE0800FE758D /* CStoryViewModel.m */ = {isa = PBXFileReference; fileEncoding = 4; lastKnownFileType = sourcecode.c.objc; path = CStoryViewModel.m; sourceTree = "<group>"; };
		EE9A20BD1C35EE2200FE758D /* CStoryViewModelTests.m */ = {isa = PBXFileReference; fileEncoding = 4; lastKnownFileType = sourcecode.c.objc; path = CStoryViewModelTests.m; sourceTree = "<group>"; };
		EE9B053E1B58B70B00260F69 /* CCommentTableViewCell.h */ = {isa = PBXFileReference; fileEncoding = 4; lastKnownFileType = sourcecode.c.h; path = CCommentTableViewCell.h; sourceTree = "<group>"; };
		EE9B053F1B58B70B00260F69 /* CCommentTableViewCell.m */ = {isa = PBXFileReference; fileEncoding = 4; lastKnownFileType = sourcecode.c.objc; path = CCommentTableViewCell.m; sourceTree = "<group>"; };
		EE9B05411B58B72100260F69 /* CCommentTableViewCell.xib */ = {isa = PBXFileReference; fileEncoding = 4; lastKnownFileType = file.xib; path = CCommentTableViewCell.xib; sourceTree = "<group>"; };
		EEA34D781B555A1600C26E58 /* CNumberBubbleView.h */ = {isa = PBXFileReference; fileEncoding = 4; lastKnownFileType = sourcecode.c.h; path = CNumberBubbleView.h; sourceTree = "<group>"; };
		EEA34D791B555A1600C26E58 /* CNumberBubbleView.m */ = {isa = PBXFileReference; fileEncoding = 4; lastKnownFileType = sourcecode.c.objc; path = CNumberBubbleView.m; sourceTree = "<group>"; };
		EEA34D7F1B5562F400C26E58 /* CPointerView.h */ = {isa = PBXFileReference; fileEncoding = 4; lastKnownFileType = sourcecode.c.h; path = CPointerView.h; sourceTree = "<group>"; };
		EEA34D801B5562F400C26E58 /* CPointerView.m */ = {isa = PBXFileReference; fileEncoding = 4; lastKnownFileType = sourcecode.c.objc; path = CPointerView.m; sourceTree = "<group>"; };
		EED519481B9FDC41009E79C1 /* CCustomTitleLabel.h */ = {isa = PBXFileReference; fileEncoding = 4; lastKnownFileType = sourcecode.c.h; path = CCustomTitleLabel.h; sourceTree = "<group>"; };
		EED519491B9FDC41009E79C1 /* CCustomTitleLabel.m */ = {isa = PBXFileReference; fileEncoding = 4; lastKnownFileType = sourcecode.c.objc; path = CCustomTitleLabel.m; sourceTree = "<group>"; };
		EEFDE9641B3B91D20035556D /* Cognition.app */ = {isa = PBXFileReference; explicitFileType = wrapper.application; includeInIndex = 0; path = Cognition.app; sourceTree = BUILT_PRODUCTS_DIR; };
		EEFDE9681B3B91D20035556D /* Info.plist */ = {isa = PBXFileReference; lastKnownFileType = text.plist.xml; path = Info.plist; sourceTree = "<group>"; };
		EEFDE9691B3B91D20035556D /* main.m */ = {isa = PBXFileReference; lastKnownFileType = sourcecode.c.objc; path = main.m; sourceTree = "<group>"; };
		EEFDE96B1B3B91D20035556D /* CAppDelegate.h */ = {isa = PBXFileReference; lastKnownFileType = sourcecode.c.h; path = CAppDelegate.h; sourceTree = "<group>"; };
		EEFDE96C1B3B91D20035556D /* CAppDelegate.m */ = {isa = PBXFileReference; lastKnownFileType = sourcecode.c.objc; path = CAppDelegate.m; sourceTree = "<group>"; };
		EEFDE97D1B3B91D20035556D /* Cognition.xctest */ = {isa = PBXFileReference; explicitFileType = wrapper.cfbundle; includeInIndex = 0; path = Cognition.xctest; sourceTree = BUILT_PRODUCTS_DIR; };
		EEFDE9821B3B91D20035556D /* Info.plist */ = {isa = PBXFileReference; lastKnownFileType = text.plist; name = Info.plist; path = CognitionTests/Info.plist; sourceTree = "<group>"; };
/* End PBXFileReference section */

/* Begin PBXFrameworksBuildPhase section */
		EEFDE9611B3B91D20035556D /* Frameworks */ = {
			isa = PBXFrameworksBuildPhase;
			buildActionMask = 2147483647;
			files = (
				244089BB224B00B70113D0A4 /* Pods.framework in Frameworks */,
			);
			runOnlyForDeploymentPostprocessing = 0;
		};
		EEFDE97A1B3B91D20035556D /* Frameworks */ = {
			isa = PBXFrameworksBuildPhase;
			buildActionMask = 2147483647;
			files = (
				76A8F91F9C3E480C77A93C63 /* Pods.framework in Frameworks */,
			);
			runOnlyForDeploymentPostprocessing = 0;
		};
/* End PBXFrameworksBuildPhase section */

/* Begin PBXGroup section */
		53A210E55B8F75FB73201F10 /* Frameworks */ = {
			isa = PBXGroup;
			children = (
				32A3B47AB92871282A7C8F50 /* Pods.framework */,
			);
			name = Frameworks;
			sourceTree = "<group>";
		};
		D5DA708F2358E9DDD620B8B5 /* Pods */ = {
			isa = PBXGroup;
			children = (
				DC468A4354222042CD6D5D27 /* Pods.debug.xcconfig */,
				773FD300B0AB626D2FC33D0C /* Pods.release.xcconfig */,
			);
			name = Pods;
			sourceTree = "<group>";
		};
		EE25AB501B6320AC00C78B54 /* CommentBubbleView */ = {
			isa = PBXGroup;
			children = (
				EEA34D781B555A1600C26E58 /* CNumberBubbleView.h */,
				EEA34D791B555A1600C26E58 /* CNumberBubbleView.m */,
				EEA34D7F1B5562F400C26E58 /* CPointerView.h */,
				EEA34D801B5562F400C26E58 /* CPointerView.m */,
			);
			name = CommentBubbleView;
			sourceTree = "<group>";
		};
		EE3B087A1C3F5EAF00DAA789 /* CCommentTableViewCell */ = {
			isa = PBXGroup;
			children = (
				EE9B053E1B58B70B00260F69 /* CCommentTableViewCell.h */,
				EE9B053F1B58B70B00260F69 /* CCommentTableViewCell.m */,
				EE9B05411B58B72100260F69 /* CCommentTableViewCell.xib */,
			);
			name = CCommentTableViewCell;
			sourceTree = "<group>";
		};
		EE68F99B1C13FD1100488441 /* Data Sources */ = {
			isa = PBXGroup;
			children = (
				EE68F99C1C13FD2800488441 /* CArrayDataSource.h */,
				EE68F99D1C13FD2800488441 /* CArrayDataSource.m */,
			);
			name = "Data Sources";
			sourceTree = "<group>";
		};
		EE6D8D0E1C3B604B001422AC /* Protocols */ = {
			isa = PBXGroup;
			children = (
				EE8755591C3B461400B18E93 /* CTableViewCellButtonDelegate.h */,
				EE18ACC01C3B618C00EE9F17 /* CTableViewRefreshDelegate.h */,
			);
			name = Protocols;
			sourceTree = "<group>";
		};
		EE770A401B4102E700ABDD60 /* Cells */ = {
			isa = PBXGroup;
			children = (
				EE9A20B41C35EB0A00FE758D /* CTableViewCell.h */,
				EE9A20B51C35EB0A00FE758D /* CTableViewCell.m */,
				EE8755581C3B460100B18E93 /* CStoryTableViewCell */,
				EE3B087A1C3F5EAF00DAA789 /* CCommentTableViewCell */,
			);
			name = Cells;
			sourceTree = "<group>";
		};
		EE87554C1C3B35BB00B18E93 /* Categories */ = {
			isa = PBXGroup;
			children = (
				EE8755491C3B35A700B18E93 /* XCTestCase+MockAdditions.h */,
				EE87554A1C3B35A700B18E93 /* XCTestCase+MockAdditions.m */,
			);
			name = Categories;
			sourceTree = "<group>";
		};
		EE8755581C3B460100B18E93 /* CStoryTableViewCell */ = {
			isa = PBXGroup;
			children = (
				EE7ECFFA1B4CBD0700A368DB /* CStoryTableViewCell.h */,
				EE7ECFFB1B4CBD0700A368DB /* CStoryTableViewCell.m */,
				EE7ECFFC1B4CBD0700A368DB /* CStoryTableViewCell.xib */,
			);
			name = CStoryTableViewCell;
			sourceTree = "<group>";
		};
		EE9A20A31C35D7EE00FE758D /* Mocks and Stubs */ = {
			isa = PBXGroup;
			children = (
				EE9A20A41C35D82400FE758D /* CInspectableTableViewController.h */,
				EE9A20A51C35D82400FE758D /* CInspectableTableViewController.m */,
			);
			name = "Mocks and Stubs";
			sourceTree = "<group>";
		};
		EEC8A8D71B410DCD00D3C3DA /* Categories */ = {
			isa = PBXGroup;
			children = (
				EE68F9981C13F3D800488441 /* CAdditions.h */,
				EE68F9991C13F3D800488441 /* CAdditions.m */,
				EE8755551C3B43EF00B18E93 /* UIViewController+ErrorAdditions.h */,
				EE8755561C3B43EF00B18E93 /* UIViewController+ErrorAdditions.m */,
			);
			name = Categories;
			sourceTree = "<group>";
		};
		EED519461B9FDC24009E79C1 /* CustomTItleLabel */ = {
			isa = PBXGroup;
			children = (
				EED519481B9FDC41009E79C1 /* CCustomTitleLabel.h */,
				EED519491B9FDC41009E79C1 /* CCustomTitleLabel.m */,
			);
			name = CustomTItleLabel;
			sourceTree = "<group>";
		};
		EEFDE95B1B3B91D20035556D = {
			isa = PBXGroup;
			children = (
				EEFDE9661B3B91D20035556D /* Cognition */,
				EEFDE9801B3B91D20035556D /* CognitionTests */,
				EEFDE9651B3B91D20035556D /* Products */,
				53A210E55B8F75FB73201F10 /* Frameworks */,
				D5DA708F2358E9DDD620B8B5 /* Pods */,
			);
			sourceTree = "<group>";
		};
		EEFDE9651B3B91D20035556D /* Products */ = {
			isa = PBXGroup;
			children = (
				EEFDE9641B3B91D20035556D /* Cognition.app */,
				EEFDE97D1B3B91D20035556D /* Cognition.xctest */,
			);
			name = Products;
			sourceTree = "<group>";
		};
		EEFDE9661B3B91D20035556D /* Cognition */ = {
			isa = PBXGroup;
			children = (
				EEFDE98D1B3B91DA0035556D /* Application */,
				EEC8A8D71B410DCD00D3C3DA /* Categories */,
				EEFDE9901B3B91F70035556D /* View Controllers */,
				EEFDE98F1B3B91F10035556D /* Views */,
				EEFDE98E1B3B91E40035556D /* View Models */,
				EE6D8D0E1C3B604B001422AC /* Protocols */,
				EE68F99B1C13FD1100488441 /* Data Sources */,
				EEFDE9671B3B91D20035556D /* Supporting Files */,
			);
			path = Cognition;
			sourceTree = "<group>";
		};
		EEFDE9671B3B91D20035556D /* Supporting Files */ = {
			isa = PBXGroup;
			children = (
				EEFDE9681B3B91D20035556D /* Info.plist */,
				EEFDE9691B3B91D20035556D /* main.m */,
			);
			name = "Supporting Files";
			sourceTree = "<group>";
		};
		EEFDE9801B3B91D20035556D /* CognitionTests */ = {
			isa = PBXGroup;
			children = (
				EE68F99F1C13FE0300488441 /* CArrayDataSourceTests.m */,
				EE9A20A11C35D71C00FE758D /* CTableViewControllerTests.m */,
				EE9A20AB1C35DC5500FE758D /* CStoryViewControllerTests.m */,
				EE9A20AD1C35DFEB00FE758D /* CStoryTableViewCellTests.m */,
				EE9A20B21C35EAF400FE758D /* CTableViewCellTests.m */,
				EE9A20BD1C35EE2200FE758D /* CStoryViewModelTests.m */,
				EE8755501C3B404500B18E93 /* CCommentViewControllerTests.m */,
				EE6D8D0C1C3B4C6C001422AC /* CCommentViewModelTests.m */,
				EE87554C1C3B35BB00B18E93 /* Categories */,
				EE9A20A31C35D7EE00FE758D /* Mocks and Stubs */,
				EEFDE9811B3B91D20035556D /* Supporting Files */,
			);
			path = CognitionTests;
			sourceTree = "<group>";
		};
		EEFDE9811B3B91D20035556D /* Supporting Files */ = {
			isa = PBXGroup;
			children = (
				EE843E0B1C3F6CD40056B6CE /* Images.xcassets */,
				EEFDE9821B3B91D20035556D /* Info.plist */,
			);
			name = "Supporting Files";
			path = HackerNewzTests;
			sourceTree = SOURCE_ROOT;
		};
		EEFDE98D1B3B91DA0035556D /* Application */ = {
			isa = PBXGroup;
			children = (
				EEFDE96B1B3B91D20035556D /* CAppDelegate.h */,
				EEFDE96C1B3B91D20035556D /* CAppDelegate.m */,
			);
			name = Application;
			sourceTree = "<group>";
		};
		EEFDE98E1B3B91E40035556D /* View Models */ = {
			isa = PBXGroup;
			children = (
				EE9A20BA1C35EE0800FE758D /* CStoryViewModel.h */,
				EE9A20BB1C35EE0800FE758D /* CStoryViewModel.m */,
				EE6D8D091C3B4C00001422AC /* CCommentViewModel.h */,
				EE6D8D0A1C3B4C00001422AC /* CCommentViewModel.m */,
			);
			name = "View Models";
			sourceTree = "<group>";
		};
		EEFDE98F1B3B91F10035556D /* Views */ = {
			isa = PBXGroup;
			children = (
				EED519461B9FDC24009E79C1 /* CustomTItleLabel */,
				EE770A401B4102E700ABDD60 /* Cells */,
				EE25AB501B6320AC00C78B54 /* CommentBubbleView */,
			);
			name = Views;
			sourceTree = "<group>";
		};
		EEFDE9901B3B91F70035556D /* View Controllers */ = {
			isa = PBXGroup;
			children = (
				EE9A209E1C35D67100FE758D /* CTableViewController.h */,
				EE9A209F1C35D67100FE758D /* CTableViewController.m */,
				EE9A20A81C35DBD900FE758D /* CStoryViewController.h */,
				EE9A20A91C35DBD900FE758D /* CStoryViewController.m */,
				EE87554D1C3B400300B18E93 /* CCommentViewController.h */,
				EE87554E1C3B400300B18E93 /* CCommentViewController.m */,
			);
			name = "View Controllers";
			sourceTree = "<group>";
		};
/* End PBXGroup section */

/* Begin PBXNativeTarget section */
		EEFDE9631B3B91D20035556D /* Cognition */ = {
			isa = PBXNativeTarget;
			buildConfigurationList = EEFDE9871B3B91D20035556D /* Build configuration list for PBXNativeTarget "Cognition" */;
			buildPhases = (
				EEFDE9601B3B91D20035556D /* Sources */,
				EEFDE9611B3B91D20035556D /* Frameworks */,
				EEFDE9621B3B91D20035556D /* Resources */,
				3ECCD940832F632281B6E8C2 /* Embed Pods Frameworks */,
			);
			buildRules = (
			);
			dependencies = (
			);
			name = Cognition;
			productName = HackerNewz;
			productReference = EEFDE9641B3B91D20035556D /* Cognition.app */;
			productType = "com.apple.product-type.application";
		};
		EEFDE97C1B3B91D20035556D /* CognitionTests */ = {
			isa = PBXNativeTarget;
			buildConfigurationList = EEFDE98A1B3B91D20035556D /* Build configuration list for PBXNativeTarget "CognitionTests" */;
			buildPhases = (
				EEFDE9791B3B91D20035556D /* Sources */,
				EEFDE97A1B3B91D20035556D /* Frameworks */,
				EEFDE97B1B3B91D20035556D /* Resources */,
				7C8370E773395003B47678C7 /* Embed Pods Frameworks */,
			);
			buildRules = (
			);
			dependencies = (
				EEFDE97F1B3B91D20035556D /* PBXTargetDependency */,
			);
			name = CognitionTests;
			productName = HackerNewzTests;
			productReference = EEFDE97D1B3B91D20035556D /* Cognition.xctest */;
			productType = "com.apple.product-type.bundle.unit-test";
		};
/* End PBXNativeTarget section */

/* Begin PBXProject section */
		EEFDE95C1B3B91D20035556D /* Project object */ = {
			isa = PBXProject;
			attributes = {
				CLASSPREFIX = C;
				LastUpgradeCheck = 0700;
				ORGANIZATIONNAME = "Skye Freeman";
				TargetAttributes = {
					EEFDE9631B3B91D20035556D = {
						CreatedOnToolsVersion = 6.3.1;
						DevelopmentTeam = DNM8FCEPB5;
					};
					EEFDE97C1B3B91D20035556D = {
						CreatedOnToolsVersion = 6.3.1;
						TestTargetID = EEFDE9631B3B91D20035556D;
					};
				};
			};
			buildConfigurationList = EEFDE95F1B3B91D20035556D /* Build configuration list for PBXProject "Cognition" */;
			compatibilityVersion = "Xcode 3.2";
			developmentRegion = English;
			hasScannedForEncodings = 0;
			knownRegions = (
				en,
				Base,
			);
			mainGroup = EEFDE95B1B3B91D20035556D;
			productRefGroup = EEFDE9651B3B91D20035556D /* Products */;
			projectDirPath = "";
			projectRoot = "";
			targets = (
				EEFDE9631B3B91D20035556D /* Cognition */,
				EEFDE97C1B3B91D20035556D /* CognitionTests */,
			);
		};
/* End PBXProject section */

/* Begin PBXResourcesBuildPhase section */
		EEFDE9621B3B91D20035556D /* Resources */ = {
			isa = PBXResourcesBuildPhase;
			buildActionMask = 2147483647;
			files = (
				EE843E0D1C3F6CD80056B6CE /* Images.xcassets in Resources */,
				EE7ECFFE1B4CBD0700A368DB /* CStoryTableViewCell.xib in Resources */,
				EE9B05421B58B72100260F69 /* CCommentTableViewCell.xib in Resources */,
			);
			runOnlyForDeploymentPostprocessing = 0;
		};
		EEFDE97B1B3B91D20035556D /* Resources */ = {
			isa = PBXResourcesBuildPhase;
			buildActionMask = 2147483647;
			files = (
			);
			runOnlyForDeploymentPostprocessing = 0;
		};
/* End PBXResourcesBuildPhase section */

/* Begin PBXShellScriptBuildPhase section */
		3ECCD940832F632281B6E8C2 /* Embed Pods Frameworks */ = {
			isa = PBXShellScriptBuildPhase;
			buildActionMask = 2147483647;
			files = (
			);
			inputPaths = (
			);
			name = "Embed Pods Frameworks";
			outputPaths = (
			);
			runOnlyForDeploymentPostprocessing = 0;
			shellPath = /bin/sh;
			shellScript = "\"${SRCROOT}/Pods/Target Support Files/Pods/Pods-frameworks.sh\"\n";
			showEnvVarsInLog = 0;
		};
		7C8370E773395003B47678C7 /* Embed Pods Frameworks */ = {
			isa = PBXShellScriptBuildPhase;
			buildActionMask = 2147483647;
			files = (
			);
			inputPaths = (
			);
			name = "Embed Pods Frameworks";
			outputPaths = (
			);
			runOnlyForDeploymentPostprocessing = 0;
			shellPath = /bin/sh;
			shellScript = "\"${SRCROOT}/Pods/Target Support Files/Pods/Pods-frameworks.sh\"\n";
			showEnvVarsInLog = 0;
		};
/* End PBXShellScriptBuildPhase section */

/* Begin PBXSourcesBuildPhase section */
		EEFDE9601B3B91D20035556D /* Sources */ = {
			isa = PBXSourcesBuildPhase;
			buildActionMask = 2147483647;
			files = (
				EE6D8D0B1C3B4C00001422AC /* CCommentViewModel.m in Sources */,
				EE68F99E1C13FD2800488441 /* CArrayDataSource.m in Sources */,
				EE9A20A01C35D67100FE758D /* CTableViewController.m in Sources */,
				EE9B05401B58B70B00260F69 /* CCommentTableViewCell.m in Sources */,
				EE9A20BC1C35EE0800FE758D /* CStoryViewModel.m in Sources */,
				EE68F99A1C13F3D800488441 /* CAdditions.m in Sources */,
				EE9A20AA1C35DBD900FE758D /* CStoryViewController.m in Sources */,
				EEFDE96D1B3B91D20035556D /* CAppDelegate.m in Sources */,
				EEA34D7A1B555A1600C26E58 /* CNumberBubbleView.m in Sources */,
				EEA34D811B5562F400C26E58 /* CPointerView.m in Sources */,
				EED5194A1B9FDC41009E79C1 /* CCustomTitleLabel.m in Sources */,
				EE7ECFFD1B4CBD0700A368DB /* CStoryTableViewCell.m in Sources */,
				EE9A20B61C35EB0A00FE758D /* CTableViewCell.m in Sources */,
				EE8755571C3B43EF00B18E93 /* UIViewController+ErrorAdditions.m in Sources */,
				EEFDE96A1B3B91D20035556D /* main.m in Sources */,
				EE87554F1C3B400300B18E93 /* CCommentViewController.m in Sources */,
			);
			runOnlyForDeploymentPostprocessing = 0;
		};
		EEFDE9791B3B91D20035556D /* Sources */ = {
			isa = PBXSourcesBuildPhase;
			buildActionMask = 2147483647;
			files = (
				EE87554B1C3B35A700B18E93 /* XCTestCase+MockAdditions.m in Sources */,
				EE9A20BE1C35EE2200FE758D /* CStoryViewModelTests.m in Sources */,
				EE9A20AE1C35DFEB00FE758D /* CStoryTableViewCellTests.m in Sources */,
				EE9A20B31C35EAF400FE758D /* CTableViewCellTests.m in Sources */,
				EE8755511C3B404500B18E93 /* CCommentViewControllerTests.m in Sources */,
				EE9A20AC1C35DC5500FE758D /* CStoryViewControllerTests.m in Sources */,
				EE68F9A01C13FE0300488441 /* CArrayDataSourceTests.m in Sources */,
				EE9A20A21C35D71C00FE758D /* CTableViewControllerTests.m in Sources */,
				EE6D8D0D1C3B4C6C001422AC /* CCommentViewModelTests.m in Sources */,
				EE9A20A61C35D82400FE758D /* CInspectableTableViewController.m in Sources */,
			);
			runOnlyForDeploymentPostprocessing = 0;
		};
/* End PBXSourcesBuildPhase section */

/* Begin PBXTargetDependency section */
		EEFDE97F1B3B91D20035556D /* PBXTargetDependency */ = {
			isa = PBXTargetDependency;
			target = EEFDE9631B3B91D20035556D /* Cognition */;
			targetProxy = EEFDE97E1B3B91D20035556D /* PBXContainerItemProxy */;
		};
/* End PBXTargetDependency section */

/* Begin XCBuildConfiguration section */
		EEFDE9851B3B91D20035556D /* Debug */ = {
			isa = XCBuildConfiguration;
			buildSettings = {
				ALWAYS_SEARCH_USER_PATHS = NO;
				CLANG_CXX_LANGUAGE_STANDARD = "gnu++0x";
				CLANG_CXX_LIBRARY = "libc++";
				CLANG_ENABLE_MODULES = YES;
				CLANG_ENABLE_OBJC_ARC = YES;
				CLANG_WARN_BOOL_CONVERSION = YES;
				CLANG_WARN_CONSTANT_CONVERSION = YES;
				CLANG_WARN_DIRECT_OBJC_ISA_USAGE = YES_ERROR;
				CLANG_WARN_EMPTY_BODY = YES;
				CLANG_WARN_ENUM_CONVERSION = YES;
				CLANG_WARN_INT_CONVERSION = YES;
				CLANG_WARN_OBJC_ROOT_CLASS = YES_ERROR;
				CLANG_WARN_UNREACHABLE_CODE = YES;
				CLANG_WARN__DUPLICATE_METHOD_MATCH = YES;
				"CODE_SIGN_IDENTITY[sdk=iphoneos*]" = "iPhone Developer";
				COPY_PHASE_STRIP = NO;
				DEBUG_INFORMATION_FORMAT = "dwarf-with-dsym";
				ENABLE_STRICT_OBJC_MSGSEND = YES;
				ENABLE_TESTABILITY = YES;
				GCC_C_LANGUAGE_STANDARD = gnu99;
				GCC_DYNAMIC_NO_PIC = NO;
				GCC_NO_COMMON_BLOCKS = YES;
				GCC_OPTIMIZATION_LEVEL = 0;
				GCC_PREPROCESSOR_DEFINITIONS = (
					"DEBUG=1",
					"$(inherited)",
				);
				GCC_SYMBOLS_PRIVATE_EXTERN = NO;
				GCC_WARN_64_TO_32_BIT_CONVERSION = YES;
				GCC_WARN_ABOUT_RETURN_TYPE = YES_ERROR;
				GCC_WARN_UNDECLARED_SELECTOR = YES;
				GCC_WARN_UNINITIALIZED_AUTOS = YES_AGGRESSIVE;
				GCC_WARN_UNUSED_FUNCTION = YES;
				GCC_WARN_UNUSED_VARIABLE = YES;
				IPHONEOS_DEPLOYMENT_TARGET = 8.3;
				MTL_ENABLE_DEBUG_INFO = YES;
				ONLY_ACTIVE_ARCH = YES;
				SDKROOT = iphoneos;
				TARGETED_DEVICE_FAMILY = "1,2";
			};
			name = Debug;
		};
		EEFDE9861B3B91D20035556D /* Release */ = {
			isa = XCBuildConfiguration;
			buildSettings = {
				ALWAYS_SEARCH_USER_PATHS = NO;
				CLANG_CXX_LANGUAGE_STANDARD = "gnu++0x";
				CLANG_CXX_LIBRARY = "libc++";
				CLANG_ENABLE_MODULES = YES;
				CLANG_ENABLE_OBJC_ARC = YES;
				CLANG_WARN_BOOL_CONVERSION = YES;
				CLANG_WARN_CONSTANT_CONVERSION = YES;
				CLANG_WARN_DIRECT_OBJC_ISA_USAGE = YES_ERROR;
				CLANG_WARN_EMPTY_BODY = YES;
				CLANG_WARN_ENUM_CONVERSION = YES;
				CLANG_WARN_INT_CONVERSION = YES;
				CLANG_WARN_OBJC_ROOT_CLASS = YES_ERROR;
				CLANG_WARN_UNREACHABLE_CODE = YES;
				CLANG_WARN__DUPLICATE_METHOD_MATCH = YES;
				"CODE_SIGN_IDENTITY[sdk=iphoneos*]" = "iPhone Developer";
				COPY_PHASE_STRIP = NO;
				DEBUG_INFORMATION_FORMAT = "dwarf-with-dsym";
				ENABLE_NS_ASSERTIONS = NO;
				ENABLE_STRICT_OBJC_MSGSEND = YES;
				GCC_C_LANGUAGE_STANDARD = gnu99;
				GCC_NO_COMMON_BLOCKS = YES;
				GCC_WARN_64_TO_32_BIT_CONVERSION = YES;
				GCC_WARN_ABOUT_RETURN_TYPE = YES_ERROR;
				GCC_WARN_UNDECLARED_SELECTOR = YES;
				GCC_WARN_UNINITIALIZED_AUTOS = YES_AGGRESSIVE;
				GCC_WARN_UNUSED_FUNCTION = YES;
				GCC_WARN_UNUSED_VARIABLE = YES;
				IPHONEOS_DEPLOYMENT_TARGET = 8.3;
				MTL_ENABLE_DEBUG_INFO = NO;
				SDKROOT = iphoneos;
				TARGETED_DEVICE_FAMILY = "1,2";
				VALIDATE_PRODUCT = YES;
			};
			name = Release;
		};
		EEFDE9881B3B91D20035556D /* Debug */ = {
			isa = XCBuildConfiguration;
			baseConfigurationReference = DC468A4354222042CD6D5D27 /* Pods.debug.xcconfig */;
			buildSettings = {
				ASSETCATALOG_COMPILER_APPICON_NAME = AppIcon;
				ASSETCATALOG_COMPILER_LAUNCHIMAGE_NAME = LaunchImage;
				CODE_SIGN_IDENTITY = "iPhone Developer";
				HEADER_SEARCH_PATHS = (
					"$(inherited)",
					"\"${PODS_ROOT}/Headers/Public\"",
					"\"${PODS_ROOT}/\"/**",
				);
				INFOPLIST_FILE = "$(SRCROOT)/Cognition/Info.plist";
				LD_RUNPATH_SEARCH_PATHS = "$(inherited) @executable_path/Frameworks";
				PRODUCT_BUNDLE_IDENTIFIER = "com.skyefreeman.$(PRODUCT_NAME:rfc1034identifier)";
				PRODUCT_NAME = Cognition;
				TARGETED_DEVICE_FAMILY = 1;
				USER_HEADER_SEARCH_PATHS = "$(BUILT_PRODUCTS_DIR)/**";
			};
			name = Debug;
		};
		EEFDE9891B3B91D20035556D /* Release */ = {
			isa = XCBuildConfiguration;
			baseConfigurationReference = 773FD300B0AB626D2FC33D0C /* Pods.release.xcconfig */;
			buildSettings = {
				ASSETCATALOG_COMPILER_APPICON_NAME = AppIcon;
				ASSETCATALOG_COMPILER_LAUNCHIMAGE_NAME = LaunchImage;
				CODE_SIGN_IDENTITY = "iPhone Developer";
				HEADER_SEARCH_PATHS = (
					"$(inherited)",
					"\"${PODS_ROOT}/Headers/Public\"",
					"\"${PODS_ROOT}/\"/**",
				);
				INFOPLIST_FILE = "$(SRCROOT)/Cognition/Info.plist";
				LD_RUNPATH_SEARCH_PATHS = "$(inherited) @executable_path/Frameworks";
				PRODUCT_BUNDLE_IDENTIFIER = "com.skyefreeman.$(PRODUCT_NAME:rfc1034identifier)";
				PRODUCT_NAME = Cognition;
				TARGETED_DEVICE_FAMILY = 1;
				USER_HEADER_SEARCH_PATHS = "$(BUILT_PRODUCTS_DIR)/**";
			};
			name = Release;
		};
		EEFDE98B1B3B91D20035556D /* Debug */ = {
			isa = XCBuildConfiguration;
			baseConfigurationReference = DC468A4354222042CD6D5D27 /* Pods.debug.xcconfig */;
			buildSettings = {
				BUNDLE_LOADER = "$(TEST_HOST)";
				GCC_PREPROCESSOR_DEFINITIONS = (
					"DEBUG=1",
					"$(inherited)",
				);
				HEADER_SEARCH_PATHS = (
					"$(inherited)",
					"\"${PODS_ROOT}/\"/**",
				);
				INFOPLIST_FILE = HackerNewzTests/Info.plist;
				LD_RUNPATH_SEARCH_PATHS = "$(inherited) @executable_path/Frameworks @loader_path/Frameworks";
				PRODUCT_BUNDLE_IDENTIFIER = "com.skyefreeman.$(PRODUCT_NAME:rfc1034identifier)";
				PRODUCT_NAME = Cognition;
				TEST_HOST = "$(BUILT_PRODUCTS_DIR)/Cognition.app/Cognition";
			};
			name = Debug;
		};
		EEFDE98C1B3B91D20035556D /* Release */ = {
			isa = XCBuildConfiguration;
			baseConfigurationReference = 773FD300B0AB626D2FC33D0C /* Pods.release.xcconfig */;
			buildSettings = {
				BUNDLE_LOADER = "$(TEST_HOST)";
				HEADER_SEARCH_PATHS = (
					"$(inherited)",
					"\"${PODS_ROOT}/\"/**",
				);
				INFOPLIST_FILE = HackerNewzTests/Info.plist;
				LD_RUNPATH_SEARCH_PATHS = "$(inherited) @executable_path/Frameworks @loader_path/Frameworks";
				PRODUCT_BUNDLE_IDENTIFIER = "com.skyefreeman.$(PRODUCT_NAME:rfc1034identifier)";
				PRODUCT_NAME = Cognition;
				TEST_HOST = "$(BUILT_PRODUCTS_DIR)/Cognition.app/Cognition";
			};
			name = Release;
		};
/* End XCBuildConfiguration section */

/* Begin XCConfigurationList section */
		EEFDE95F1B3B91D20035556D /* Build configuration list for PBXProject "Cognition" */ = {
			isa = XCConfigurationList;
			buildConfigurations = (
				EEFDE9851B3B91D20035556D /* Debug */,
				EEFDE9861B3B91D20035556D /* Release */,
			);
			defaultConfigurationIsVisible = 0;
			defaultConfigurationName = Release;
		};
		EEFDE9871B3B91D20035556D /* Build configuration list for PBXNativeTarget "Cognition" */ = {
			isa = XCConfigurationList;
			buildConfigurations = (
				EEFDE9881B3B91D20035556D /* Debug */,
				EEFDE9891B3B91D20035556D /* Release */,
			);
			defaultConfigurationIsVisible = 0;
			defaultConfigurationName = Release;
		};
		EEFDE98A1B3B91D20035556D /* Build configuration list for PBXNativeTarget "CognitionTests" */ = {
			isa = XCConfigurationList;
			buildConfigurations = (
				EEFDE98B1B3B91D20035556D /* Debug */,
				EEFDE98C1B3B91D20035556D /* Release */,
			);
			defaultConfigurationIsVisible = 0;
			defaultConfigurationName = Release;
		};
/* End XCConfigurationList section */
	};
	rootObject = EEFDE95C1B3B91D20035556D /* Project object */;
}
