// !$*UTF8*$!
{
	archiveVersion = 1;
	classes = {
	};
	objectVersion = 46;
	objects = {

/* Begin PBXBuildFile section */
		5293F574F6E56592A9E5565E /* libPods.a in Frameworks */ = {isa = PBXBuildFile; fileRef = D89670AC767FE1FBC7403C98 /* libPods.a */; };
		EE36E0371B3E45460053C3B5 /* HHackerNewsRequestModel.m in Sources */ = {isa = PBXBuildFile; fileRef = EE36E0361B3E45460053C3B5 /* HHackerNewsRequestModel.m */; };
		EE36E03B1B3FB7AB0053C3B5 /* HHackerNewsItem.m in Sources */ = {isa = PBXBuildFile; fileRef = EE36E03A1B3FB7AB0053C3B5 /* HHackerNewsItem.m */; };
		EE36E03E1B3FC6C80053C3B5 /* HNewsCell.m in Sources */ = {isa = PBXBuildFile; fileRef = EE36E03D1B3FC6C80053C3B5 /* HNewsCell.m */; };
		EE770A3C1B40FE9200ABDD60 /* libSFAdditions.a in Frameworks */ = {isa = PBXBuildFile; fileRef = EE770A371B40FE0700ABDD60 /* libSFAdditions.a */; };
		EE770A431B41046100ABDD60 /* HWebLinkViewController.m in Sources */ = {isa = PBXBuildFile; fileRef = EE770A421B41046100ABDD60 /* HWebLinkViewController.m */; };
		EEC8A8D61B410ADB00D3C3DA /* HWebViewbar.m in Sources */ = {isa = PBXBuildFile; fileRef = EEC8A8D51B410ADB00D3C3DA /* HWebViewbar.m */; };
		EEC8A8DA1B410DEA00D3C3DA /* UIColor+HNAdditions.m in Sources */ = {isa = PBXBuildFile; fileRef = EEC8A8D91B410DEA00D3C3DA /* UIColor+HNAdditions.m */; };
		EEF17CAF1B3D010F00946D5F /* Default-568h@2x.png in Resources */ = {isa = PBXBuildFile; fileRef = EEF17CAE1B3D010F00946D5F /* Default-568h@2x.png */; };
		EEFDE96A1B3B91D20035556D /* main.m in Sources */ = {isa = PBXBuildFile; fileRef = EEFDE9691B3B91D20035556D /* main.m */; };
		EEFDE96D1B3B91D20035556D /* HAppDelegate.m in Sources */ = {isa = PBXBuildFile; fileRef = EEFDE96C1B3B91D20035556D /* HAppDelegate.m */; };
		EEFDE9701B3B91D20035556D /* HMainViewController.m in Sources */ = {isa = PBXBuildFile; fileRef = EEFDE96F1B3B91D20035556D /* HMainViewController.m */; };
		EEFDE9751B3B91D20035556D /* Images.xcassets in Resources */ = {isa = PBXBuildFile; fileRef = EEFDE9741B3B91D20035556D /* Images.xcassets */; };
		EEFDE9841B3B91D20035556D /* HackerNewzTests.m in Sources */ = {isa = PBXBuildFile; fileRef = EEFDE9831B3B91D20035556D /* HackerNewzTests.m */; };
/* End PBXBuildFile section */

/* Begin PBXContainerItemProxy section */
		EE770A361B40FE0700ABDD60 /* PBXContainerItemProxy */ = {
			isa = PBXContainerItemProxy;
			containerPortal = EE770A311B40FE0700ABDD60 /* SFAdditions.xcodeproj */;
			proxyType = 2;
			remoteGlobalIDString = EE7709D71B40F77800ABDD60;
			remoteInfo = SFAdditions;
		};
		EE770A381B40FE0700ABDD60 /* PBXContainerItemProxy */ = {
			isa = PBXContainerItemProxy;
			containerPortal = EE770A311B40FE0700ABDD60 /* SFAdditions.xcodeproj */;
			proxyType = 2;
			remoteGlobalIDString = EE7709E21B40F77900ABDD60;
			remoteInfo = SFAdditionsTests;
		};
		EE770A3A1B40FE7300ABDD60 /* PBXContainerItemProxy */ = {
			isa = PBXContainerItemProxy;
			containerPortal = EE770A311B40FE0700ABDD60 /* SFAdditions.xcodeproj */;
			proxyType = 1;
			remoteGlobalIDString = EE7709D61B40F77800ABDD60;
			remoteInfo = SFAdditions;
		};
		EEFDE97E1B3B91D20035556D /* PBXContainerItemProxy */ = {
			isa = PBXContainerItemProxy;
			containerPortal = EEFDE95C1B3B91D20035556D /* Project object */;
			proxyType = 1;
			remoteGlobalIDString = EEFDE9631B3B91D20035556D;
			remoteInfo = HackerNewz;
		};
/* End PBXContainerItemProxy section */

/* Begin PBXFileReference section */
		B063D5751728FC7846C8DA6B /* Pods.debug.xcconfig */ = {isa = PBXFileReference; includeInIndex = 1; lastKnownFileType = text.xcconfig; name = Pods.debug.xcconfig; path = "Pods/Target Support Files/Pods/Pods.debug.xcconfig"; sourceTree = "<group>"; };
		C4E91381F004431C273EA5BE /* Pods.release.xcconfig */ = {isa = PBXFileReference; includeInIndex = 1; lastKnownFileType = text.xcconfig; name = Pods.release.xcconfig; path = "Pods/Target Support Files/Pods/Pods.release.xcconfig"; sourceTree = "<group>"; };
		D89670AC767FE1FBC7403C98 /* libPods.a */ = {isa = PBXFileReference; explicitFileType = archive.ar; includeInIndex = 0; path = libPods.a; sourceTree = BUILT_PRODUCTS_DIR; };
		EE36E0351B3E45460053C3B5 /* HHackerNewsRequestModel.h */ = {isa = PBXFileReference; fileEncoding = 4; lastKnownFileType = sourcecode.c.h; path = HHackerNewsRequestModel.h; sourceTree = "<group>"; };
		EE36E0361B3E45460053C3B5 /* HHackerNewsRequestModel.m */ = {isa = PBXFileReference; fileEncoding = 4; lastKnownFileType = sourcecode.c.objc; path = HHackerNewsRequestModel.m; sourceTree = "<group>"; };
		EE36E0391B3FB7AB0053C3B5 /* HHackerNewsItem.h */ = {isa = PBXFileReference; fileEncoding = 4; lastKnownFileType = sourcecode.c.h; path = HHackerNewsItem.h; sourceTree = "<group>"; };
		EE36E03A1B3FB7AB0053C3B5 /* HHackerNewsItem.m */ = {isa = PBXFileReference; fileEncoding = 4; lastKnownFileType = sourcecode.c.objc; path = HHackerNewsItem.m; sourceTree = "<group>"; };
		EE36E03C1B3FC6C80053C3B5 /* HNewsCell.h */ = {isa = PBXFileReference; fileEncoding = 4; lastKnownFileType = sourcecode.c.h; path = HNewsCell.h; sourceTree = "<group>"; };
		EE36E03D1B3FC6C80053C3B5 /* HNewsCell.m */ = {isa = PBXFileReference; fileEncoding = 4; lastKnownFileType = sourcecode.c.objc; path = HNewsCell.m; sourceTree = "<group>"; };
		EE770A311B40FE0700ABDD60 /* SFAdditions.xcodeproj */ = {isa = PBXFileReference; lastKnownFileType = "wrapper.pb-project"; name = SFAdditions.xcodeproj; path = ../Library/SFAdditions/SFAdditions.xcodeproj; sourceTree = "<group>"; };
		EE770A411B41046100ABDD60 /* HWebLinkViewController.h */ = {isa = PBXFileReference; fileEncoding = 4; lastKnownFileType = sourcecode.c.h; path = HWebLinkViewController.h; sourceTree = "<group>"; };
		EE770A421B41046100ABDD60 /* HWebLinkViewController.m */ = {isa = PBXFileReference; fileEncoding = 4; lastKnownFileType = sourcecode.c.objc; path = HWebLinkViewController.m; sourceTree = "<group>"; };
		EEC8A8D41B410ADB00D3C3DA /* HWebViewbar.h */ = {isa = PBXFileReference; fileEncoding = 4; lastKnownFileType = sourcecode.c.h; path = HWebViewbar.h; sourceTree = "<group>"; };
		EEC8A8D51B410ADB00D3C3DA /* HWebViewbar.m */ = {isa = PBXFileReference; fileEncoding = 4; lastKnownFileType = sourcecode.c.objc; path = HWebViewbar.m; sourceTree = "<group>"; };
		EEC8A8D81B410DE900D3C3DA /* UIColor+HNAdditions.h */ = {isa = PBXFileReference; fileEncoding = 4; lastKnownFileType = sourcecode.c.h; path = "UIColor+HNAdditions.h"; sourceTree = "<group>"; };
		EEC8A8D91B410DEA00D3C3DA /* UIColor+HNAdditions.m */ = {isa = PBXFileReference; fileEncoding = 4; lastKnownFileType = sourcecode.c.objc; path = "UIColor+HNAdditions.m"; sourceTree = "<group>"; };
		EEF17CAE1B3D010F00946D5F /* Default-568h@2x.png */ = {isa = PBXFileReference; lastKnownFileType = image.png; name = "Default-568h@2x.png"; path = "../Default-568h@2x.png"; sourceTree = "<group>"; };
		EEFDE9641B3B91D20035556D /* HackerNewz.app */ = {isa = PBXFileReference; explicitFileType = wrapper.application; includeInIndex = 0; path = HackerNewz.app; sourceTree = BUILT_PRODUCTS_DIR; };
		EEFDE9681B3B91D20035556D /* Info.plist */ = {isa = PBXFileReference; lastKnownFileType = text.plist.xml; path = Info.plist; sourceTree = "<group>"; };
		EEFDE9691B3B91D20035556D /* main.m */ = {isa = PBXFileReference; lastKnownFileType = sourcecode.c.objc; path = main.m; sourceTree = "<group>"; };
		EEFDE96B1B3B91D20035556D /* HAppDelegate.h */ = {isa = PBXFileReference; lastKnownFileType = sourcecode.c.h; path = HAppDelegate.h; sourceTree = "<group>"; };
		EEFDE96C1B3B91D20035556D /* HAppDelegate.m */ = {isa = PBXFileReference; lastKnownFileType = sourcecode.c.objc; path = HAppDelegate.m; sourceTree = "<group>"; };
		EEFDE96E1B3B91D20035556D /* HMainViewController.h */ = {isa = PBXFileReference; lastKnownFileType = sourcecode.c.h; path = HMainViewController.h; sourceTree = "<group>"; };
		EEFDE96F1B3B91D20035556D /* HMainViewController.m */ = {isa = PBXFileReference; lastKnownFileType = sourcecode.c.objc; path = HMainViewController.m; sourceTree = "<group>"; };
		EEFDE9741B3B91D20035556D /* Images.xcassets */ = {isa = PBXFileReference; lastKnownFileType = folder.assetcatalog; path = Images.xcassets; sourceTree = "<group>"; };
		EEFDE97D1B3B91D20035556D /* HackerNewzTests.xctest */ = {isa = PBXFileReference; explicitFileType = wrapper.cfbundle; includeInIndex = 0; path = HackerNewzTests.xctest; sourceTree = BUILT_PRODUCTS_DIR; };
		EEFDE9821B3B91D20035556D /* Info.plist */ = {isa = PBXFileReference; lastKnownFileType = text.plist.xml; path = Info.plist; sourceTree = "<group>"; };
		EEFDE9831B3B91D20035556D /* HackerNewzTests.m */ = {isa = PBXFileReference; lastKnownFileType = sourcecode.c.objc; path = HackerNewzTests.m; sourceTree = "<group>"; };
/* End PBXFileReference section */

/* Begin PBXFrameworksBuildPhase section */
		EEFDE9611B3B91D20035556D /* Frameworks */ = {
			isa = PBXFrameworksBuildPhase;
			buildActionMask = 2147483647;
			files = (
				EE770A3C1B40FE9200ABDD60 /* libSFAdditions.a in Frameworks */,
				5293F574F6E56592A9E5565E /* libPods.a in Frameworks */,
			);
			runOnlyForDeploymentPostprocessing = 0;
		};
		EEFDE97A1B3B91D20035556D /* Frameworks */ = {
			isa = PBXFrameworksBuildPhase;
			buildActionMask = 2147483647;
			files = (
			);
			runOnlyForDeploymentPostprocessing = 0;
		};
/* End PBXFrameworksBuildPhase section */

/* Begin PBXGroup section */
		36B27F5E1C8D404928D81C8A /* Pods */ = {
			isa = PBXGroup;
			children = (
				B063D5751728FC7846C8DA6B /* Pods.debug.xcconfig */,
				C4E91381F004431C273EA5BE /* Pods.release.xcconfig */,
			);
			name = Pods;
			sourceTree = "<group>";
		};
		53A210E55B8F75FB73201F10 /* Frameworks */ = {
			isa = PBXGroup;
			children = (
				D89670AC767FE1FBC7403C98 /* libPods.a */,
			);
			name = Frameworks;
			sourceTree = "<group>";
		};
		EE36E0341B3E45020053C3B5 /* Helpers */ = {
			isa = PBXGroup;
			children = (
			);
			name = Helpers;
			sourceTree = "<group>";
		};
		EE36E0811B40DEE90053C3B5 /* Libraries */ = {
			isa = PBXGroup;
			children = (
			);
			name = Libraries;
			sourceTree = "<group>";
		};
		EE770A321B40FE0700ABDD60 /* Products */ = {
			isa = PBXGroup;
			children = (
				EE770A371B40FE0700ABDD60 /* libSFAdditions.a */,
				EE770A391B40FE0700ABDD60 /* SFAdditionsTests.xctest */,
			);
			name = Products;
			sourceTree = "<group>";
		};
		EE770A401B4102E700ABDD60 /* Cells */ = {
			isa = PBXGroup;
			children = (
				EE36E03C1B3FC6C80053C3B5 /* HNewsCell.h */,
				EE36E03D1B3FC6C80053C3B5 /* HNewsCell.m */,
			);
			name = Cells;
			sourceTree = "<group>";
		};
		EEC8A8D71B410DCD00D3C3DA /* Categories */ = {
			isa = PBXGroup;
			children = (
				EEC8A8D81B410DE900D3C3DA /* UIColor+HNAdditions.h */,
				EEC8A8D91B410DEA00D3C3DA /* UIColor+HNAdditions.m */,
			);
			name = Categories;
			sourceTree = "<group>";
		};
		EEFDE95B1B3B91D20035556D = {
			isa = PBXGroup;
			children = (
				EEFDE9661B3B91D20035556D /* HackerNewz */,
				EEFDE9801B3B91D20035556D /* HackerNewzTests */,
				EEFDE9651B3B91D20035556D /* Products */,
				36B27F5E1C8D404928D81C8A /* Pods */,
				53A210E55B8F75FB73201F10 /* Frameworks */,
				EE770A311B40FE0700ABDD60 /* SFAdditions.xcodeproj */,
			);
			sourceTree = "<group>";
		};
		EEFDE9651B3B91D20035556D /* Products */ = {
			isa = PBXGroup;
			children = (
				EEFDE9641B3B91D20035556D /* HackerNewz.app */,
				EEFDE97D1B3B91D20035556D /* HackerNewzTests.xctest */,
			);
			name = Products;
			sourceTree = "<group>";
		};
		EEFDE9661B3B91D20035556D /* HackerNewz */ = {
			isa = PBXGroup;
			children = (
				EEC8A8D71B410DCD00D3C3DA /* Categories */,
				EEFDE98D1B3B91DA0035556D /* Application */,
				EEFDE9901B3B91F70035556D /* Controllers */,
				EEFDE98F1B3B91F10035556D /* Views */,
				EEFDE98E1B3B91E40035556D /* Models */,
				EE36E0341B3E45020053C3B5 /* Helpers */,
				EEFDE9671B3B91D20035556D /* Supporting Files */,
				EEFDE9741B3B91D20035556D /* Images.xcassets */,
				EE36E0811B40DEE90053C3B5 /* Libraries */,
			);
			path = HackerNewz;
			sourceTree = "<group>";
		};
		EEFDE9671B3B91D20035556D /* Supporting Files */ = {
			isa = PBXGroup;
			children = (
				EEF17CAE1B3D010F00946D5F /* Default-568h@2x.png */,
				EEFDE9681B3B91D20035556D /* Info.plist */,
				EEFDE9691B3B91D20035556D /* main.m */,
			);
			name = "Supporting Files";
			sourceTree = "<group>";
		};
		EEFDE9801B3B91D20035556D /* HackerNewzTests */ = {
			isa = PBXGroup;
			children = (
				EEFDE9831B3B91D20035556D /* HackerNewzTests.m */,
				EEFDE9811B3B91D20035556D /* Supporting Files */,
			);
			path = HackerNewzTests;
			sourceTree = "<group>";
		};
		EEFDE9811B3B91D20035556D /* Supporting Files */ = {
			isa = PBXGroup;
			children = (
				EEFDE9821B3B91D20035556D /* Info.plist */,
			);
			name = "Supporting Files";
			sourceTree = "<group>";
		};
		EEFDE98D1B3B91DA0035556D /* Application */ = {
			isa = PBXGroup;
			children = (
				EEFDE96B1B3B91D20035556D /* HAppDelegate.h */,
				EEFDE96C1B3B91D20035556D /* HAppDelegate.m */,
			);
			name = Application;
			sourceTree = "<group>";
		};
		EEFDE98E1B3B91E40035556D /* Models */ = {
			isa = PBXGroup;
			children = (
				EE36E0351B3E45460053C3B5 /* HHackerNewsRequestModel.h */,
				EE36E0361B3E45460053C3B5 /* HHackerNewsRequestModel.m */,
				EE36E0391B3FB7AB0053C3B5 /* HHackerNewsItem.h */,
				EE36E03A1B3FB7AB0053C3B5 /* HHackerNewsItem.m */,
			);
			name = Models;
			sourceTree = "<group>";
		};
		EEFDE98F1B3B91F10035556D /* Views */ = {
			isa = PBXGroup;
			children = (
				EE770A401B4102E700ABDD60 /* Cells */,
				EEC8A8D41B410ADB00D3C3DA /* HWebViewbar.h */,
				EEC8A8D51B410ADB00D3C3DA /* HWebViewbar.m */,
			);
			name = Views;
			sourceTree = "<group>";
		};
		EEFDE9901B3B91F70035556D /* Controllers */ = {
			isa = PBXGroup;
			children = (
				EEFDE96E1B3B91D20035556D /* HMainViewController.h */,
				EEFDE96F1B3B91D20035556D /* HMainViewController.m */,
				EE770A411B41046100ABDD60 /* HWebLinkViewController.h */,
				EE770A421B41046100ABDD60 /* HWebLinkViewController.m */,
			);
			name = Controllers;
			sourceTree = "<group>";
		};
/* End PBXGroup section */

/* Begin PBXNativeTarget section */
		EEFDE9631B3B91D20035556D /* HackerNewz */ = {
			isa = PBXNativeTarget;
			buildConfigurationList = EEFDE9871B3B91D20035556D /* Build configuration list for PBXNativeTarget "HackerNewz" */;
			buildPhases = (
				869C913B249BF8EF701E1CB6 /* Check Pods Manifest.lock */,
				EEFDE9601B3B91D20035556D /* Sources */,
				EEFDE9611B3B91D20035556D /* Frameworks */,
				EEFDE9621B3B91D20035556D /* Resources */,
				266979F745808287F88F16BD /* Copy Pods Resources */,
			);
			buildRules = (
			);
			dependencies = (
				EE770A3B1B40FE7300ABDD60 /* PBXTargetDependency */,
			);
			name = HackerNewz;
			productName = HackerNewz;
			productReference = EEFDE9641B3B91D20035556D /* HackerNewz.app */;
			productType = "com.apple.product-type.application";
		};
		EEFDE97C1B3B91D20035556D /* HackerNewzTests */ = {
			isa = PBXNativeTarget;
			buildConfigurationList = EEFDE98A1B3B91D20035556D /* Build configuration list for PBXNativeTarget "HackerNewzTests" */;
			buildPhases = (
				EEFDE9791B3B91D20035556D /* Sources */,
				EEFDE97A1B3B91D20035556D /* Frameworks */,
				EEFDE97B1B3B91D20035556D /* Resources */,
			);
			buildRules = (
			);
			dependencies = (
				EEFDE97F1B3B91D20035556D /* PBXTargetDependency */,
			);
			name = HackerNewzTests;
			productName = HackerNewzTests;
			productReference = EEFDE97D1B3B91D20035556D /* HackerNewzTests.xctest */;
			productType = "com.apple.product-type.bundle.unit-test";
		};
/* End PBXNativeTarget section */

/* Begin PBXProject section */
		EEFDE95C1B3B91D20035556D /* Project object */ = {
			isa = PBXProject;
			attributes = {
				CLASSPREFIX = H;
				LastUpgradeCheck = 0630;
				ORGANIZATIONNAME = "Skye Freeman";
				TargetAttributes = {
					EEFDE9631B3B91D20035556D = {
						CreatedOnToolsVersion = 6.3.1;
					};
					EEFDE97C1B3B91D20035556D = {
						CreatedOnToolsVersion = 6.3.1;
						TestTargetID = EEFDE9631B3B91D20035556D;
					};
				};
			};
			buildConfigurationList = EEFDE95F1B3B91D20035556D /* Build configuration list for PBXProject "HackerNewz" */;
			compatibilityVersion = "Xcode 3.2";
			developmentRegion = English;
			hasScannedForEncodings = 0;
			knownRegions = (
				en,
				Base,
			);
			mainGroup = EEFDE95B1B3B91D20035556D;
			productRefGroup = EEFDE9651B3B91D20035556D /* Products */;
			projectDirPath = "";
			projectReferences = (
				{
					ProductGroup = EE770A321B40FE0700ABDD60 /* Products */;
					ProjectRef = EE770A311B40FE0700ABDD60 /* SFAdditions.xcodeproj */;
				},
			);
			projectRoot = "";
			targets = (
				EEFDE9631B3B91D20035556D /* HackerNewz */,
				EEFDE97C1B3B91D20035556D /* HackerNewzTests */,
			);
		};
/* End PBXProject section */

/* Begin PBXReferenceProxy section */
		EE770A371B40FE0700ABDD60 /* libSFAdditions.a */ = {
			isa = PBXReferenceProxy;
			fileType = archive.ar;
			path = libSFAdditions.a;
			remoteRef = EE770A361B40FE0700ABDD60 /* PBXContainerItemProxy */;
			sourceTree = BUILT_PRODUCTS_DIR;
		};
		EE770A391B40FE0700ABDD60 /* SFAdditionsTests.xctest */ = {
			isa = PBXReferenceProxy;
			fileType = wrapper.cfbundle;
			path = SFAdditionsTests.xctest;
			remoteRef = EE770A381B40FE0700ABDD60 /* PBXContainerItemProxy */;
			sourceTree = BUILT_PRODUCTS_DIR;
		};
/* End PBXReferenceProxy section */

/* Begin PBXResourcesBuildPhase section */
		EEFDE9621B3B91D20035556D /* Resources */ = {
			isa = PBXResourcesBuildPhase;
			buildActionMask = 2147483647;
			files = (
				EEFDE9751B3B91D20035556D /* Images.xcassets in Resources */,
				EEF17CAF1B3D010F00946D5F /* Default-568h@2x.png in Resources */,
			);
			runOnlyForDeploymentPostprocessing = 0;
		};
		EEFDE97B1B3B91D20035556D /* Resources */ = {
			isa = PBXResourcesBuildPhase;
			buildActionMask = 2147483647;
			files = (
			);
			runOnlyForDeploymentPostprocessing = 0;
		};
/* End PBXResourcesBuildPhase section */

/* Begin PBXShellScriptBuildPhase section */
		266979F745808287F88F16BD /* Copy Pods Resources */ = {
			isa = PBXShellScriptBuildPhase;
			buildActionMask = 2147483647;
			files = (
			);
			inputPaths = (
			);
			name = "Copy Pods Resources";
			outputPaths = (
			);
			runOnlyForDeploymentPostprocessing = 0;
			shellPath = /bin/sh;
			shellScript = "\"${SRCROOT}/Pods/Target Support Files/Pods/Pods-resources.sh\"\n";
			showEnvVarsInLog = 0;
		};
		869C913B249BF8EF701E1CB6 /* Check Pods Manifest.lock */ = {
			isa = PBXShellScriptBuildPhase;
			buildActionMask = 2147483647;
			files = (
			);
			inputPaths = (
			);
			name = "Check Pods Manifest.lock";
			outputPaths = (
			);
			runOnlyForDeploymentPostprocessing = 0;
			shellPath = /bin/sh;
			shellScript = "diff \"${PODS_ROOT}/../Podfile.lock\" \"${PODS_ROOT}/Manifest.lock\" > /dev/null\nif [[ $? != 0 ]] ; then\n    cat << EOM\nerror: The sandbox is not in sync with the Podfile.lock. Run 'pod install' or update your CocoaPods installation.\nEOM\n    exit 1\nfi\n";
			showEnvVarsInLog = 0;
		};
/* End PBXShellScriptBuildPhase section */

/* Begin PBXSourcesBuildPhase section */
		EEFDE9601B3B91D20035556D /* Sources */ = {
			isa = PBXSourcesBuildPhase;
			buildActionMask = 2147483647;
			files = (
				EE36E03B1B3FB7AB0053C3B5 /* HHackerNewsItem.m in Sources */,
				EE36E03E1B3FC6C80053C3B5 /* HNewsCell.m in Sources */,
				EEFDE9701B3B91D20035556D /* HMainViewController.m in Sources */,
				EE36E0371B3E45460053C3B5 /* HHackerNewsRequestModel.m in Sources */,
				EEFDE96D1B3B91D20035556D /* HAppDelegate.m in Sources */,
				EE770A431B41046100ABDD60 /* HWebLinkViewController.m in Sources */,
				EEC8A8D61B410ADB00D3C3DA /* HWebViewbar.m in Sources */,
				EEC8A8DA1B410DEA00D3C3DA /* UIColor+HNAdditions.m in Sources */,
				EEFDE96A1B3B91D20035556D /* main.m in Sources */,
			);
			runOnlyForDeploymentPostprocessing = 0;
		};
		EEFDE9791B3B91D20035556D /* Sources */ = {
			isa = PBXSourcesBuildPhase;
			buildActionMask = 2147483647;
			files = (
				EEFDE9841B3B91D20035556D /* HackerNewzTests.m in Sources */,
			);
			runOnlyForDeploymentPostprocessing = 0;
		};
/* End PBXSourcesBuildPhase section */

/* Begin PBXTargetDependency section */
		EE770A3B1B40FE7300ABDD60 /* PBXTargetDependency */ = {
			isa = PBXTargetDependency;
			name = SFAdditions;
			targetProxy = EE770A3A1B40FE7300ABDD60 /* PBXContainerItemProxy */;
		};
		EEFDE97F1B3B91D20035556D /* PBXTargetDependency */ = {
			isa = PBXTargetDependency;
			target = EEFDE9631B3B91D20035556D /* HackerNewz */;
			targetProxy = EEFDE97E1B3B91D20035556D /* PBXContainerItemProxy */;
		};
/* End PBXTargetDependency section */

/* Begin XCBuildConfiguration section */
		EEFDE9851B3B91D20035556D /* Debug */ = {
			isa = XCBuildConfiguration;
			buildSettings = {
				ALWAYS_SEARCH_USER_PATHS = NO;
				CLANG_CXX_LANGUAGE_STANDARD = "gnu++0x";
				CLANG_CXX_LIBRARY = "libc++";
				CLANG_ENABLE_MODULES = YES;
				CLANG_ENABLE_OBJC_ARC = YES;
				CLANG_WARN_BOOL_CONVERSION = YES;
				CLANG_WARN_CONSTANT_CONVERSION = YES;
				CLANG_WARN_DIRECT_OBJC_ISA_USAGE = YES_ERROR;
				CLANG_WARN_EMPTY_BODY = YES;
				CLANG_WARN_ENUM_CONVERSION = YES;
				CLANG_WARN_INT_CONVERSION = YES;
				CLANG_WARN_OBJC_ROOT_CLASS = YES_ERROR;
				CLANG_WARN_UNREACHABLE_CODE = YES;
				CLANG_WARN__DUPLICATE_METHOD_MATCH = YES;
				"CODE_SIGN_IDENTITY[sdk=iphoneos*]" = "iPhone Developer";
				COPY_PHASE_STRIP = NO;
				DEBUG_INFORMATION_FORMAT = "dwarf-with-dsym";
				ENABLE_STRICT_OBJC_MSGSEND = YES;
				GCC_C_LANGUAGE_STANDARD = gnu99;
				GCC_DYNAMIC_NO_PIC = NO;
				GCC_NO_COMMON_BLOCKS = YES;
				GCC_OPTIMIZATION_LEVEL = 0;
				GCC_PREPROCESSOR_DEFINITIONS = (
					"DEBUG=1",
					"$(inherited)",
				);
				GCC_SYMBOLS_PRIVATE_EXTERN = NO;
				GCC_WARN_64_TO_32_BIT_CONVERSION = YES;
				GCC_WARN_ABOUT_RETURN_TYPE = YES_ERROR;
				GCC_WARN_UNDECLARED_SELECTOR = YES;
				GCC_WARN_UNINITIALIZED_AUTOS = YES_AGGRESSIVE;
				GCC_WARN_UNUSED_FUNCTION = YES;
				GCC_WARN_UNUSED_VARIABLE = YES;
				IPHONEOS_DEPLOYMENT_TARGET = 8.3;
				MTL_ENABLE_DEBUG_INFO = YES;
				ONLY_ACTIVE_ARCH = YES;
				SDKROOT = iphoneos;
				TARGETED_DEVICE_FAMILY = "1,2";
			};
			name = Debug;
		};
		EEFDE9861B3B91D20035556D /* Release */ = {
			isa = XCBuildConfiguration;
			buildSettings = {
				ALWAYS_SEARCH_USER_PATHS = NO;
				CLANG_CXX_LANGUAGE_STANDARD = "gnu++0x";
				CLANG_CXX_LIBRARY = "libc++";
				CLANG_ENABLE_MODULES = YES;
				CLANG_ENABLE_OBJC_ARC = YES;
				CLANG_WARN_BOOL_CONVERSION = YES;
				CLANG_WARN_CONSTANT_CONVERSION = YES;
				CLANG_WARN_DIRECT_OBJC_ISA_USAGE = YES_ERROR;
				CLANG_WARN_EMPTY_BODY = YES;
				CLANG_WARN_ENUM_CONVERSION = YES;
				CLANG_WARN_INT_CONVERSION = YES;
				CLANG_WARN_OBJC_ROOT_CLASS = YES_ERROR;
				CLANG_WARN_UNREACHABLE_CODE = YES;
				CLANG_WARN__DUPLICATE_METHOD_MATCH = YES;
				"CODE_SIGN_IDENTITY[sdk=iphoneos*]" = "iPhone Developer";
				COPY_PHASE_STRIP = NO;
				DEBUG_INFORMATION_FORMAT = "dwarf-with-dsym";
				ENABLE_NS_ASSERTIONS = NO;
				ENABLE_STRICT_OBJC_MSGSEND = YES;
				GCC_C_LANGUAGE_STANDARD = gnu99;
				GCC_NO_COMMON_BLOCKS = YES;
				GCC_WARN_64_TO_32_BIT_CONVERSION = YES;
				GCC_WARN_ABOUT_RETURN_TYPE = YES_ERROR;
				GCC_WARN_UNDECLARED_SELECTOR = YES;
				GCC_WARN_UNINITIALIZED_AUTOS = YES_AGGRESSIVE;
				GCC_WARN_UNUSED_FUNCTION = YES;
				GCC_WARN_UNUSED_VARIABLE = YES;
				IPHONEOS_DEPLOYMENT_TARGET = 8.3;
				MTL_ENABLE_DEBUG_INFO = NO;
				SDKROOT = iphoneos;
				TARGETED_DEVICE_FAMILY = "1,2";
				VALIDATE_PRODUCT = YES;
			};
			name = Release;
		};
		EEFDE9881B3B91D20035556D /* Debug */ = {
			isa = XCBuildConfiguration;
			baseConfigurationReference = B063D5751728FC7846C8DA6B /* Pods.debug.xcconfig */;
			buildSettings = {
				ASSETCATALOG_COMPILER_APPICON_NAME = AppIcon;
				HEADER_SEARCH_PATHS = (
					"$(inherited)",
					"\"${PODS_ROOT}/Headers/Public\"",
					"\"${PODS_ROOT}/Headers/Public/AFNetworking\"",
					/Users/SkyeBook/Development/iOSDevelopment/Library/SFAdditions/SFAdditions,
				);
				INFOPLIST_FILE = HackerNewz/Info.plist;
				LD_RUNPATH_SEARCH_PATHS = "$(inherited) @executable_path/Frameworks";
				PRODUCT_NAME = "$(TARGET_NAME)";
			};
			name = Debug;
		};
		EEFDE9891B3B91D20035556D /* Release */ = {
			isa = XCBuildConfiguration;
			baseConfigurationReference = C4E91381F004431C273EA5BE /* Pods.release.xcconfig */;
			buildSettings = {
				ASSETCATALOG_COMPILER_APPICON_NAME = AppIcon;
				HEADER_SEARCH_PATHS = (
					"$(inherited)",
					"\"${PODS_ROOT}/Headers/Public\"",
					"\"${PODS_ROOT}/Headers/Public/AFNetworking\"",
					/Users/SkyeBook/Development/iOSDevelopment/Library/SFAdditions/SFAdditions,
				);
				INFOPLIST_FILE = HackerNewz/Info.plist;
				LD_RUNPATH_SEARCH_PATHS = "$(inherited) @executable_path/Frameworks";
				PRODUCT_NAME = "$(TARGET_NAME)";
			};
			name = Release;
		};
		EEFDE98B1B3B91D20035556D /* Debug */ = {
			isa = XCBuildConfiguration;
			buildSettings = {
				BUNDLE_LOADER = "$(TEST_HOST)";
				FRAMEWORK_SEARCH_PATHS = (
					"$(SDKROOT)/Developer/Library/Frameworks",
					"$(inherited)",
				);
				GCC_PREPROCESSOR_DEFINITIONS = (
					"DEBUG=1",
					"$(inherited)",
				);
				INFOPLIST_FILE = HackerNewzTests/Info.plist;
				LD_RUNPATH_SEARCH_PATHS = "$(inherited) @executable_path/Frameworks @loader_path/Frameworks";
				PRODUCT_NAME = "$(TARGET_NAME)";
				TEST_HOST = "$(BUILT_PRODUCTS_DIR)/HackerNewz.app/HackerNewz";
			};
			name = Debug;
		};
		EEFDE98C1B3B91D20035556D /* Release */ = {
			isa = XCBuildConfiguration;
			buildSettings = {
				BUNDLE_LOADER = "$(TEST_HOST)";
				FRAMEWORK_SEARCH_PATHS = (
					"$(SDKROOT)/Developer/Library/Frameworks",
					"$(inherited)",
				);
				INFOPLIST_FILE = HackerNewzTests/Info.plist;
				LD_RUNPATH_SEARCH_PATHS = "$(inherited) @executable_path/Frameworks @loader_path/Frameworks";
				PRODUCT_NAME = "$(TARGET_NAME)";
				TEST_HOST = "$(BUILT_PRODUCTS_DIR)/HackerNewz.app/HackerNewz";
			};
			name = Release;
		};
/* End XCBuildConfiguration section */

/* Begin XCConfigurationList section */
		EEFDE95F1B3B91D20035556D /* Build configuration list for PBXProject "HackerNewz" */ = {
			isa = XCConfigurationList;
			buildConfigurations = (
				EEFDE9851B3B91D20035556D /* Debug */,
				EEFDE9861B3B91D20035556D /* Release */,
			);
			defaultConfigurationIsVisible = 0;
			defaultConfigurationName = Release;
		};
		EEFDE9871B3B91D20035556D /* Build configuration list for PBXNativeTarget "HackerNewz" */ = {
			isa = XCConfigurationList;
			buildConfigurations = (
				EEFDE9881B3B91D20035556D /* Debug */,
				EEFDE9891B3B91D20035556D /* Release */,
			);
			defaultConfigurationIsVisible = 0;
			defaultConfigurationName = Release;
		};
		EEFDE98A1B3B91D20035556D /* Build configuration list for PBXNativeTarget "HackerNewzTests" */ = {
			isa = XCConfigurationList;
			buildConfigurations = (
				EEFDE98B1B3B91D20035556D /* Debug */,
				EEFDE98C1B3B91D20035556D /* Release */,
			);
			defaultConfigurationIsVisible = 0;
			defaultConfigurationName = Release;
		};
/* End XCConfigurationList section */
	};
	rootObject = EEFDE95C1B3B91D20035556D /* Project object */;
}
