// !$*UTF8*$!
{
	archiveVersion = 1;
	classes = {
	};
	objectVersion = 46;
	objects = {

/* Begin PBXBuildFile section */
		244089BB224B00B70113D0A4 /* Pods.framework in Frameworks */ = {isa = PBXBuildFile; fileRef = 32A3B47AB92871282A7C8F50 /* Pods.framework */; };
		76A8F91F9C3E480C77A93C63 /* Pods.framework in Frameworks */ = {isa = PBXBuildFile; fileRef = 32A3B47AB92871282A7C8F50 /* Pods.framework */; };
		EE55BB011B645F1D00ABE960 /* HDropdownMenuView.m in Sources */ = {isa = PBXBuildFile; fileRef = EE55BB001B645F1D00ABE960 /* HDropdownMenuView.m */; };
		EE62ECD31C03FC12002E7D2E /* HSafariViewController.m in Sources */ = {isa = PBXBuildFile; fileRef = EE62ECD21C03FC12002E7D2E /* HSafariViewController.m */; };
		EE68F99A1C13F3D800488441 /* HNAdditions.m in Sources */ = {isa = PBXBuildFile; fileRef = EE68F9991C13F3D800488441 /* HNAdditions.m */; };
		EE68F99E1C13FD2800488441 /* HArrayDataSource.m in Sources */ = {isa = PBXBuildFile; fileRef = EE68F99D1C13FD2800488441 /* HArrayDataSource.m */; };
		EE68F9A01C13FE0300488441 /* HArrayDataSourceTests.m in Sources */ = {isa = PBXBuildFile; fileRef = EE68F99F1C13FE0300488441 /* HArrayDataSourceTests.m */; };
		EE770A431B41046100ABDD60 /* HWebLinkViewController.m in Sources */ = {isa = PBXBuildFile; fileRef = EE770A421B41046100ABDD60 /* HWebLinkViewController.m */; };
		EE7ECFFD1B4CBD0700A368DB /* CStoryTableViewCell.m in Sources */ = {isa = PBXBuildFile; fileRef = EE7ECFFB1B4CBD0700A368DB /* CStoryTableViewCell.m */; };
		EE7ECFFE1B4CBD0700A368DB /* CStoryTableViewCell.xib in Resources */ = {isa = PBXBuildFile; fileRef = EE7ECFFC1B4CBD0700A368DB /* CStoryTableViewCell.xib */; };
		EE9A20A01C35D67100FE758D /* CTableViewController.m in Sources */ = {isa = PBXBuildFile; fileRef = EE9A209F1C35D67100FE758D /* CTableViewController.m */; };
		EE9A20A21C35D71C00FE758D /* CTableViewControllerTests.m in Sources */ = {isa = PBXBuildFile; fileRef = EE9A20A11C35D71C00FE758D /* CTableViewControllerTests.m */; };
		EE9A20A61C35D82400FE758D /* CInspectableTableViewController.m in Sources */ = {isa = PBXBuildFile; fileRef = EE9A20A51C35D82400FE758D /* CInspectableTableViewController.m */; };
		EE9A20AA1C35DBD900FE758D /* CStoryViewController.m in Sources */ = {isa = PBXBuildFile; fileRef = EE9A20A91C35DBD900FE758D /* CStoryViewController.m */; };
		EE9A20AC1C35DC5500FE758D /* CStoryViewControllerTests.m in Sources */ = {isa = PBXBuildFile; fileRef = EE9A20AB1C35DC5500FE758D /* CStoryViewControllerTests.m */; };
		EE9A20AE1C35DFEB00FE758D /* CStoryTableViewCellTests.m in Sources */ = {isa = PBXBuildFile; fileRef = EE9A20AD1C35DFEB00FE758D /* CStoryTableViewCellTests.m */; };
		EE9A20B31C35EAF400FE758D /* CTableViewCellTests.m in Sources */ = {isa = PBXBuildFile; fileRef = EE9A20B21C35EAF400FE758D /* CTableViewCellTests.m */; };
		EE9A20B61C35EB0A00FE758D /* CTableViewCell.m in Sources */ = {isa = PBXBuildFile; fileRef = EE9A20B51C35EB0A00FE758D /* CTableViewCell.m */; };
		EE9A20BC1C35EE0800FE758D /* CStoryViewModel.m in Sources */ = {isa = PBXBuildFile; fileRef = EE9A20BB1C35EE0800FE758D /* CStoryViewModel.m */; };
		EE9A20BE1C35EE2200FE758D /* CStoryViewModelTests.m in Sources */ = {isa = PBXBuildFile; fileRef = EE9A20BD1C35EE2200FE758D /* CStoryViewModelTests.m */; };
		EE9B05391B58B42F00260F69 /* HTableView.m in Sources */ = {isa = PBXBuildFile; fileRef = EE9B05381B58B42F00260F69 /* HTableView.m */; };
		EE9B05401B58B70B00260F69 /* HCommentCell.m in Sources */ = {isa = PBXBuildFile; fileRef = EE9B053F1B58B70B00260F69 /* HCommentCell.m */; };
		EE9B05421B58B72100260F69 /* HCommentCell.xib in Resources */ = {isa = PBXBuildFile; fileRef = EE9B05411B58B72100260F69 /* HCommentCell.xib */; };
		EEA34D7A1B555A1600C26E58 /* HCommentBubble.m in Sources */ = {isa = PBXBuildFile; fileRef = EEA34D791B555A1600C26E58 /* HCommentBubble.m */; };
		EEA34D811B5562F400C26E58 /* HCommentBubblePointer.m in Sources */ = {isa = PBXBuildFile; fileRef = EEA34D801B5562F400C26E58 /* HCommentBubblePointer.m */; };
		EEC8A8D61B410ADB00D3C3DA /* HWebViewBar.m in Sources */ = {isa = PBXBuildFile; fileRef = EEC8A8D51B410ADB00D3C3DA /* HWebViewBar.m */; };
		EEC9B5411B55CD2B00EEBABA /* HCommentViewController.m in Sources */ = {isa = PBXBuildFile; fileRef = EEC9B5401B55CD2B00EEBABA /* HCommentViewController.m */; };
		EED5194A1B9FDC41009E79C1 /* CCustomTitleLabel.m in Sources */ = {isa = PBXBuildFile; fileRef = EED519491B9FDC41009E79C1 /* CCustomTitleLabel.m */; };
		EED80A321BB4916B00D4113A /* HBaseViewController.m in Sources */ = {isa = PBXBuildFile; fileRef = EED80A311BB4916B00D4113A /* HBaseViewController.m */; };
		EEFDE96A1B3B91D20035556D /* main.m in Sources */ = {isa = PBXBuildFile; fileRef = EEFDE9691B3B91D20035556D /* main.m */; };
		EEFDE96D1B3B91D20035556D /* HAppDelegate.m in Sources */ = {isa = PBXBuildFile; fileRef = EEFDE96C1B3B91D20035556D /* HAppDelegate.m */; };
		EEFDE9701B3B91D20035556D /* HHomeViewController.m in Sources */ = {isa = PBXBuildFile; fileRef = EEFDE96F1B3B91D20035556D /* HHomeViewController.m */; };
		EEFDE9751B3B91D20035556D /* Images.xcassets in Resources */ = {isa = PBXBuildFile; fileRef = EEFDE9741B3B91D20035556D /* Images.xcassets */; };
/* End PBXBuildFile section */

/* Begin PBXContainerItemProxy section */
		EEFDE97E1B3B91D20035556D /* PBXContainerItemProxy */ = {
			isa = PBXContainerItemProxy;
			containerPortal = EEFDE95C1B3B91D20035556D /* Project object */;
			proxyType = 1;
			remoteGlobalIDString = EEFDE9631B3B91D20035556D;
			remoteInfo = HackerNewz;
		};
/* End PBXContainerItemProxy section */

/* Begin PBXFileReference section */
		248969498F9D1B7E31942B34 /* Pods.release.xcconfig */ = {isa = PBXFileReference; includeInIndex = 1; lastKnownFileType = text.xcconfig; name = Pods.release.xcconfig; path = "Pods/Target Support Files/Pods/Pods.release.xcconfig"; sourceTree = "<group>"; };
		32A3B47AB92871282A7C8F50 /* Pods.framework */ = {isa = PBXFileReference; explicitFileType = wrapper.framework; includeInIndex = 0; path = Pods.framework; sourceTree = BUILT_PRODUCTS_DIR; };
		94747484D04ECA845F722513 /* Pods.debug.xcconfig */ = {isa = PBXFileReference; includeInIndex = 1; lastKnownFileType = text.xcconfig; name = Pods.debug.xcconfig; path = "Pods/Target Support Files/Pods/Pods.debug.xcconfig"; sourceTree = "<group>"; };
		EE55BAFF1B645F1D00ABE960 /* HDropdownMenuView.h */ = {isa = PBXFileReference; fileEncoding = 4; lastKnownFileType = sourcecode.c.h; path = HDropdownMenuView.h; sourceTree = "<group>"; };
		EE55BB001B645F1D00ABE960 /* HDropdownMenuView.m */ = {isa = PBXFileReference; fileEncoding = 4; lastKnownFileType = sourcecode.c.objc; path = HDropdownMenuView.m; sourceTree = "<group>"; };
		EE62ECD11C03FC12002E7D2E /* HSafariViewController.h */ = {isa = PBXFileReference; fileEncoding = 4; lastKnownFileType = sourcecode.c.h; path = HSafariViewController.h; sourceTree = "<group>"; };
		EE62ECD21C03FC12002E7D2E /* HSafariViewController.m */ = {isa = PBXFileReference; fileEncoding = 4; lastKnownFileType = sourcecode.c.objc; path = HSafariViewController.m; sourceTree = "<group>"; };
		EE68F9981C13F3D800488441 /* HNAdditions.h */ = {isa = PBXFileReference; fileEncoding = 4; lastKnownFileType = sourcecode.c.h; path = HNAdditions.h; sourceTree = "<group>"; };
		EE68F9991C13F3D800488441 /* HNAdditions.m */ = {isa = PBXFileReference; fileEncoding = 4; lastKnownFileType = sourcecode.c.objc; path = HNAdditions.m; sourceTree = "<group>"; };
		EE68F99C1C13FD2800488441 /* HArrayDataSource.h */ = {isa = PBXFileReference; fileEncoding = 4; lastKnownFileType = sourcecode.c.h; path = HArrayDataSource.h; sourceTree = "<group>"; };
		EE68F99D1C13FD2800488441 /* HArrayDataSource.m */ = {isa = PBXFileReference; fileEncoding = 4; lastKnownFileType = sourcecode.c.objc; path = HArrayDataSource.m; sourceTree = "<group>"; };
		EE68F99F1C13FE0300488441 /* HArrayDataSourceTests.m */ = {isa = PBXFileReference; fileEncoding = 4; lastKnownFileType = sourcecode.c.objc; path = HArrayDataSourceTests.m; sourceTree = "<group>"; };
		EE770A411B41046100ABDD60 /* HWebLinkViewController.h */ = {isa = PBXFileReference; fileEncoding = 4; lastKnownFileType = sourcecode.c.h; path = HWebLinkViewController.h; sourceTree = "<group>"; };
		EE770A421B41046100ABDD60 /* HWebLinkViewController.m */ = {isa = PBXFileReference; fileEncoding = 4; lastKnownFileType = sourcecode.c.objc; path = HWebLinkViewController.m; sourceTree = "<group>"; };
		EE7ECFFA1B4CBD0700A368DB /* CStoryTableViewCell.h */ = {isa = PBXFileReference; fileEncoding = 4; lastKnownFileType = sourcecode.c.h; path = CStoryTableViewCell.h; sourceTree = "<group>"; };
		EE7ECFFB1B4CBD0700A368DB /* CStoryTableViewCell.m */ = {isa = PBXFileReference; fileEncoding = 4; lastKnownFileType = sourcecode.c.objc; path = CStoryTableViewCell.m; sourceTree = "<group>"; };
		EE7ECFFC1B4CBD0700A368DB /* CStoryTableViewCell.xib */ = {isa = PBXFileReference; fileEncoding = 4; lastKnownFileType = file.xib; path = CStoryTableViewCell.xib; sourceTree = "<group>"; };
		EE9A209E1C35D67100FE758D /* CTableViewController.h */ = {isa = PBXFileReference; fileEncoding = 4; lastKnownFileType = sourcecode.c.h; path = CTableViewController.h; sourceTree = "<group>"; };
		EE9A209F1C35D67100FE758D /* CTableViewController.m */ = {isa = PBXFileReference; fileEncoding = 4; lastKnownFileType = sourcecode.c.objc; path = CTableViewController.m; sourceTree = "<group>"; };
		EE9A20A11C35D71C00FE758D /* CTableViewControllerTests.m */ = {isa = PBXFileReference; fileEncoding = 4; lastKnownFileType = sourcecode.c.objc; path = CTableViewControllerTests.m; sourceTree = "<group>"; };
		EE9A20A41C35D82400FE758D /* CInspectableTableViewController.h */ = {isa = PBXFileReference; fileEncoding = 4; lastKnownFileType = sourcecode.c.h; path = CInspectableTableViewController.h; sourceTree = "<group>"; };
		EE9A20A51C35D82400FE758D /* CInspectableTableViewController.m */ = {isa = PBXFileReference; fileEncoding = 4; lastKnownFileType = sourcecode.c.objc; path = CInspectableTableViewController.m; sourceTree = "<group>"; };
		EE9A20A81C35DBD900FE758D /* CStoryViewController.h */ = {isa = PBXFileReference; fileEncoding = 4; lastKnownFileType = sourcecode.c.h; path = CStoryViewController.h; sourceTree = "<group>"; };
		EE9A20A91C35DBD900FE758D /* CStoryViewController.m */ = {isa = PBXFileReference; fileEncoding = 4; lastKnownFileType = sourcecode.c.objc; path = CStoryViewController.m; sourceTree = "<group>"; };
		EE9A20AB1C35DC5500FE758D /* CStoryViewControllerTests.m */ = {isa = PBXFileReference; fileEncoding = 4; lastKnownFileType = sourcecode.c.objc; path = CStoryViewControllerTests.m; sourceTree = "<group>"; };
		EE9A20AD1C35DFEB00FE758D /* CStoryTableViewCellTests.m */ = {isa = PBXFileReference; fileEncoding = 4; lastKnownFileType = sourcecode.c.objc; path = CStoryTableViewCellTests.m; sourceTree = "<group>"; };
		EE9A20B21C35EAF400FE758D /* CTableViewCellTests.m */ = {isa = PBXFileReference; fileEncoding = 4; lastKnownFileType = sourcecode.c.objc; path = CTableViewCellTests.m; sourceTree = "<group>"; };
		EE9A20B41C35EB0A00FE758D /* CTableViewCell.h */ = {isa = PBXFileReference; fileEncoding = 4; lastKnownFileType = sourcecode.c.h; path = CTableViewCell.h; sourceTree = "<group>"; };
		EE9A20B51C35EB0A00FE758D /* CTableViewCell.m */ = {isa = PBXFileReference; fileEncoding = 4; lastKnownFileType = sourcecode.c.objc; path = CTableViewCell.m; sourceTree = "<group>"; };
		EE9A20BA1C35EE0800FE758D /* CStoryViewModel.h */ = {isa = PBXFileReference; fileEncoding = 4; lastKnownFileType = sourcecode.c.h; path = CStoryViewModel.h; sourceTree = "<group>"; };
		EE9A20BB1C35EE0800FE758D /* CStoryViewModel.m */ = {isa = PBXFileReference; fileEncoding = 4; lastKnownFileType = sourcecode.c.objc; path = CStoryViewModel.m; sourceTree = "<group>"; };
		EE9A20BD1C35EE2200FE758D /* CStoryViewModelTests.m */ = {isa = PBXFileReference; fileEncoding = 4; lastKnownFileType = sourcecode.c.objc; path = CStoryViewModelTests.m; sourceTree = "<group>"; };
		EE9B05371B58B42F00260F69 /* HTableView.h */ = {isa = PBXFileReference; fileEncoding = 4; lastKnownFileType = sourcecode.c.h; path = HTableView.h; sourceTree = "<group>"; };
		EE9B05381B58B42F00260F69 /* HTableView.m */ = {isa = PBXFileReference; fileEncoding = 4; lastKnownFileType = sourcecode.c.objc; path = HTableView.m; sourceTree = "<group>"; };
		EE9B053E1B58B70B00260F69 /* HCommentCell.h */ = {isa = PBXFileReference; fileEncoding = 4; lastKnownFileType = sourcecode.c.h; path = HCommentCell.h; sourceTree = "<group>"; };
		EE9B053F1B58B70B00260F69 /* HCommentCell.m */ = {isa = PBXFileReference; fileEncoding = 4; lastKnownFileType = sourcecode.c.objc; path = HCommentCell.m; sourceTree = "<group>"; };
		EE9B05411B58B72100260F69 /* HCommentCell.xib */ = {isa = PBXFileReference; fileEncoding = 4; lastKnownFileType = file.xib; path = HCommentCell.xib; sourceTree = "<group>"; };
		EE9B05461B58BB5900260F69 /* HConstants.h */ = {isa = PBXFileReference; fileEncoding = 4; lastKnownFileType = sourcecode.c.h; path = HConstants.h; sourceTree = "<group>"; };
		EEA34D781B555A1600C26E58 /* HCommentBubble.h */ = {isa = PBXFileReference; fileEncoding = 4; lastKnownFileType = sourcecode.c.h; path = HCommentBubble.h; sourceTree = "<group>"; };
		EEA34D791B555A1600C26E58 /* HCommentBubble.m */ = {isa = PBXFileReference; fileEncoding = 4; lastKnownFileType = sourcecode.c.objc; path = HCommentBubble.m; sourceTree = "<group>"; };
		EEA34D7F1B5562F400C26E58 /* HCommentBubblePointer.h */ = {isa = PBXFileReference; fileEncoding = 4; lastKnownFileType = sourcecode.c.h; path = HCommentBubblePointer.h; sourceTree = "<group>"; };
		EEA34D801B5562F400C26E58 /* HCommentBubblePointer.m */ = {isa = PBXFileReference; fileEncoding = 4; lastKnownFileType = sourcecode.c.objc; path = HCommentBubblePointer.m; sourceTree = "<group>"; };
		EEC8A8D41B410ADB00D3C3DA /* HWebViewBar.h */ = {isa = PBXFileReference; fileEncoding = 4; lastKnownFileType = sourcecode.c.h; path = HWebViewBar.h; sourceTree = "<group>"; };
		EEC8A8D51B410ADB00D3C3DA /* HWebViewBar.m */ = {isa = PBXFileReference; fileEncoding = 4; lastKnownFileType = sourcecode.c.objc; path = HWebViewBar.m; sourceTree = "<group>"; };
		EEC9B53F1B55CD2B00EEBABA /* HCommentViewController.h */ = {isa = PBXFileReference; fileEncoding = 4; lastKnownFileType = sourcecode.c.h; path = HCommentViewController.h; sourceTree = "<group>"; };
		EEC9B5401B55CD2B00EEBABA /* HCommentViewController.m */ = {isa = PBXFileReference; fileEncoding = 4; lastKnownFileType = sourcecode.c.objc; path = HCommentViewController.m; sourceTree = "<group>"; };
		EED519481B9FDC41009E79C1 /* CCustomTitleLabel.h */ = {isa = PBXFileReference; fileEncoding = 4; lastKnownFileType = sourcecode.c.h; path = CCustomTitleLabel.h; sourceTree = "<group>"; };
		EED519491B9FDC41009E79C1 /* CCustomTitleLabel.m */ = {isa = PBXFileReference; fileEncoding = 4; lastKnownFileType = sourcecode.c.objc; path = CCustomTitleLabel.m; sourceTree = "<group>"; };
		EED80A301BB4916B00D4113A /* HBaseViewController.h */ = {isa = PBXFileReference; fileEncoding = 4; lastKnownFileType = sourcecode.c.h; path = HBaseViewController.h; sourceTree = "<group>"; };
		EED80A311BB4916B00D4113A /* HBaseViewController.m */ = {isa = PBXFileReference; fileEncoding = 4; lastKnownFileType = sourcecode.c.objc; path = HBaseViewController.m; sourceTree = "<group>"; };
		EEFDE9641B3B91D20035556D /* HackerNewz.app */ = {isa = PBXFileReference; explicitFileType = wrapper.application; includeInIndex = 0; path = HackerNewz.app; sourceTree = BUILT_PRODUCTS_DIR; };
		EEFDE9681B3B91D20035556D /* Info.plist */ = {isa = PBXFileReference; lastKnownFileType = text.plist.xml; path = Info.plist; sourceTree = "<group>"; };
		EEFDE9691B3B91D20035556D /* main.m */ = {isa = PBXFileReference; lastKnownFileType = sourcecode.c.objc; path = main.m; sourceTree = "<group>"; };
		EEFDE96B1B3B91D20035556D /* HAppDelegate.h */ = {isa = PBXFileReference; lastKnownFileType = sourcecode.c.h; path = HAppDelegate.h; sourceTree = "<group>"; };
		EEFDE96C1B3B91D20035556D /* HAppDelegate.m */ = {isa = PBXFileReference; lastKnownFileType = sourcecode.c.objc; path = HAppDelegate.m; sourceTree = "<group>"; };
		EEFDE96E1B3B91D20035556D /* HHomeViewController.h */ = {isa = PBXFileReference; lastKnownFileType = sourcecode.c.h; path = HHomeViewController.h; sourceTree = "<group>"; };
		EEFDE96F1B3B91D20035556D /* HHomeViewController.m */ = {isa = PBXFileReference; lastKnownFileType = sourcecode.c.objc; path = HHomeViewController.m; sourceTree = "<group>"; };
		EEFDE9741B3B91D20035556D /* Images.xcassets */ = {isa = PBXFileReference; lastKnownFileType = folder.assetcatalog; path = Images.xcassets; sourceTree = "<group>"; };
		EEFDE97D1B3B91D20035556D /* HackerNewzTests.xctest */ = {isa = PBXFileReference; explicitFileType = wrapper.cfbundle; includeInIndex = 0; path = HackerNewzTests.xctest; sourceTree = BUILT_PRODUCTS_DIR; };
		EEFDE9821B3B91D20035556D /* Info.plist */ = {isa = PBXFileReference; lastKnownFileType = text.plist.xml; path = Info.plist; sourceTree = "<group>"; };
/* End PBXFileReference section */

/* Begin PBXFrameworksBuildPhase section */
		EEFDE9611B3B91D20035556D /* Frameworks */ = {
			isa = PBXFrameworksBuildPhase;
			buildActionMask = 2147483647;
			files = (
				244089BB224B00B70113D0A4 /* Pods.framework in Frameworks */,
			);
			runOnlyForDeploymentPostprocessing = 0;
		};
		EEFDE97A1B3B91D20035556D /* Frameworks */ = {
			isa = PBXFrameworksBuildPhase;
			buildActionMask = 2147483647;
			files = (
				76A8F91F9C3E480C77A93C63 /* Pods.framework in Frameworks */,
			);
			runOnlyForDeploymentPostprocessing = 0;
		};
/* End PBXFrameworksBuildPhase section */

/* Begin PBXGroup section */
		53A210E55B8F75FB73201F10 /* Frameworks */ = {
			isa = PBXGroup;
			children = (
				32A3B47AB92871282A7C8F50 /* Pods.framework */,
			);
			name = Frameworks;
			sourceTree = "<group>";
		};
		A3F934A9CE24AEACAA3CDC01 /* Pods */ = {
			isa = PBXGroup;
			children = (
				94747484D04ECA845F722513 /* Pods.debug.xcconfig */,
				248969498F9D1B7E31942B34 /* Pods.release.xcconfig */,
			);
			name = Pods;
			sourceTree = "<group>";
		};
		EE25AB501B6320AC00C78B54 /* CommentBubbleView */ = {
			isa = PBXGroup;
			children = (
				EEA34D781B555A1600C26E58 /* HCommentBubble.h */,
				EEA34D791B555A1600C26E58 /* HCommentBubble.m */,
				EEA34D7F1B5562F400C26E58 /* HCommentBubblePointer.h */,
				EEA34D801B5562F400C26E58 /* HCommentBubblePointer.m */,
			);
			name = CommentBubbleView;
			sourceTree = "<group>";
		};
		EE25AB521B6320D000C78B54 /* WebView */ = {
			isa = PBXGroup;
			children = (
				EEC8A8D41B410ADB00D3C3DA /* HWebViewBar.h */,
				EEC8A8D51B410ADB00D3C3DA /* HWebViewBar.m */,
			);
			name = WebView;
			sourceTree = "<group>";
		};
		EE25AB531B6320D900C78B54 /* DropdownMenuView */ = {
			isa = PBXGroup;
			children = (
				EE55BAFF1B645F1D00ABE960 /* HDropdownMenuView.h */,
				EE55BB001B645F1D00ABE960 /* HDropdownMenuView.m */,
			);
			name = DropdownMenuView;
			sourceTree = "<group>";
		};
		EE68F99B1C13FD1100488441 /* Data Sources */ = {
			isa = PBXGroup;
			children = (
				EE68F99C1C13FD2800488441 /* HArrayDataSource.h */,
				EE68F99D1C13FD2800488441 /* HArrayDataSource.m */,
			);
			name = "Data Sources";
			sourceTree = "<group>";
		};
		EE770A401B4102E700ABDD60 /* Cells */ = {
			isa = PBXGroup;
			children = (
				EE7ECFFA1B4CBD0700A368DB /* CStoryTableViewCell.h */,
				EE7ECFFB1B4CBD0700A368DB /* CStoryTableViewCell.m */,
				EE7ECFFC1B4CBD0700A368DB /* CStoryTableViewCell.xib */,
				EE9B053E1B58B70B00260F69 /* HCommentCell.h */,
				EE9B053F1B58B70B00260F69 /* HCommentCell.m */,
				EE9B05411B58B72100260F69 /* HCommentCell.xib */,
				EE9A20B41C35EB0A00FE758D /* CTableViewCell.h */,
				EE9A20B51C35EB0A00FE758D /* CTableViewCell.m */,
			);
			name = Cells;
			sourceTree = "<group>";
		};
		EE9A20A31C35D7EE00FE758D /* Mocks and Stubs */ = {
			isa = PBXGroup;
			children = (
				EE9A20A41C35D82400FE758D /* CInspectableTableViewController.h */,
				EE9A20A51C35D82400FE758D /* CInspectableTableViewController.m */,
			);
			name = "Mocks and Stubs";
			sourceTree = "<group>";
		};
		EE9A20A71C35DBC300FE758D /* TableViewControllers */ = {
			isa = PBXGroup;
			children = (
				EE9A209E1C35D67100FE758D /* CTableViewController.h */,
				EE9A209F1C35D67100FE758D /* CTableViewController.m */,
				EE9A20A81C35DBD900FE758D /* CStoryViewController.h */,
				EE9A20A91C35DBD900FE758D /* CStoryViewController.m */,
			);
			name = TableViewControllers;
			sourceTree = "<group>";
		};
		EEC8A8D71B410DCD00D3C3DA /* Categories */ = {
			isa = PBXGroup;
			children = (
				EE68F9981C13F3D800488441 /* HNAdditions.h */,
				EE68F9991C13F3D800488441 /* HNAdditions.m */,
			);
			name = Categories;
			sourceTree = "<group>";
		};
		EED519461B9FDC24009E79C1 /* CustomTItleLabel */ = {
			isa = PBXGroup;
			children = (
				EED519481B9FDC41009E79C1 /* CCustomTitleLabel.h */,
				EED519491B9FDC41009E79C1 /* CCustomTitleLabel.m */,
			);
			name = CustomTItleLabel;
			sourceTree = "<group>";
		};
		EEFDE95B1B3B91D20035556D = {
			isa = PBXGroup;
			children = (
				EEFDE9661B3B91D20035556D /* HackerNewz */,
				EEFDE9801B3B91D20035556D /* HackerNewzTests */,
				EEFDE9651B3B91D20035556D /* Products */,
				53A210E55B8F75FB73201F10 /* Frameworks */,
				A3F934A9CE24AEACAA3CDC01 /* Pods */,
			);
			sourceTree = "<group>";
		};
		EEFDE9651B3B91D20035556D /* Products */ = {
			isa = PBXGroup;
			children = (
				EEFDE9641B3B91D20035556D /* HackerNewz.app */,
				EEFDE97D1B3B91D20035556D /* HackerNewzTests.xctest */,
			);
			name = Products;
			sourceTree = "<group>";
		};
		EEFDE9661B3B91D20035556D /* HackerNewz */ = {
			isa = PBXGroup;
			children = (
				EEFDE98D1B3B91DA0035556D /* Application */,
				EEC8A8D71B410DCD00D3C3DA /* Categories */,
				EEFDE9901B3B91F70035556D /* Controllers */,
				EEFDE98F1B3B91F10035556D /* Views */,
				EEFDE98E1B3B91E40035556D /* View Models */,
				EE68F99B1C13FD1100488441 /* Data Sources */,
				EEFDE9671B3B91D20035556D /* Supporting Files */,
				EEFDE9741B3B91D20035556D /* Images.xcassets */,
			);
			path = HackerNewz;
			sourceTree = "<group>";
		};
		EEFDE9671B3B91D20035556D /* Supporting Files */ = {
			isa = PBXGroup;
			children = (
				EEFDE9681B3B91D20035556D /* Info.plist */,
				EEFDE9691B3B91D20035556D /* main.m */,
			);
			name = "Supporting Files";
			sourceTree = "<group>";
		};
		EEFDE9801B3B91D20035556D /* HackerNewzTests */ = {
			isa = PBXGroup;
			children = (
				EEFDE9811B3B91D20035556D /* Supporting Files */,
				EE9A20A31C35D7EE00FE758D /* Mocks and Stubs */,
				EE68F99F1C13FE0300488441 /* HArrayDataSourceTests.m */,
				EE9A20A11C35D71C00FE758D /* CTableViewControllerTests.m */,
				EE9A20AB1C35DC5500FE758D /* CStoryViewControllerTests.m */,
				EE9A20AD1C35DFEB00FE758D /* CStoryTableViewCellTests.m */,
				EE9A20B21C35EAF400FE758D /* CTableViewCellTests.m */,
				EE9A20BD1C35EE2200FE758D /* CStoryViewModelTests.m */,
			);
			path = HackerNewzTests;
			sourceTree = "<group>";
		};
		EEFDE9811B3B91D20035556D /* Supporting Files */ = {
			isa = PBXGroup;
			children = (
				EEFDE9821B3B91D20035556D /* Info.plist */,
			);
			name = "Supporting Files";
			path = HackerNewzTests;
			sourceTree = SOURCE_ROOT;
		};
		EEFDE98D1B3B91DA0035556D /* Application */ = {
			isa = PBXGroup;
			children = (
				EEFDE96B1B3B91D20035556D /* HAppDelegate.h */,
				EEFDE96C1B3B91D20035556D /* HAppDelegate.m */,
				EE9B05461B58BB5900260F69 /* HConstants.h */,
			);
			name = Application;
			sourceTree = "<group>";
		};
		EEFDE98E1B3B91E40035556D /* View Models */ = {
			isa = PBXGroup;
			children = (
				EE9A20BA1C35EE0800FE758D /* CStoryViewModel.h */,
				EE9A20BB1C35EE0800FE758D /* CStoryViewModel.m */,
			);
			name = "View Models";
			sourceTree = "<group>";
		};
		EEFDE98F1B3B91F10035556D /* Views */ = {
			isa = PBXGroup;
			children = (
				EED519461B9FDC24009E79C1 /* CustomTItleLabel */,
				EE770A401B4102E700ABDD60 /* Cells */,
				EE25AB531B6320D900C78B54 /* DropdownMenuView */,
				EE25AB521B6320D000C78B54 /* WebView */,
				EE25AB501B6320AC00C78B54 /* CommentBubbleView */,
				EE9B05371B58B42F00260F69 /* HTableView.h */,
				EE9B05381B58B42F00260F69 /* HTableView.m */,
			);
			name = Views;
			sourceTree = "<group>";
		};
		EEFDE9901B3B91F70035556D /* Controllers */ = {
			isa = PBXGroup;
			children = (
				EE9A20A71C35DBC300FE758D /* TableViewControllers */,
				EEFDE96E1B3B91D20035556D /* HHomeViewController.h */,
				EEFDE96F1B3B91D20035556D /* HHomeViewController.m */,
				EE770A411B41046100ABDD60 /* HWebLinkViewController.h */,
				EE770A421B41046100ABDD60 /* HWebLinkViewController.m */,
				EEC9B53F1B55CD2B00EEBABA /* HCommentViewController.h */,
				EEC9B5401B55CD2B00EEBABA /* HCommentViewController.m */,
				EED80A301BB4916B00D4113A /* HBaseViewController.h */,
				EED80A311BB4916B00D4113A /* HBaseViewController.m */,
				EE62ECD11C03FC12002E7D2E /* HSafariViewController.h */,
				EE62ECD21C03FC12002E7D2E /* HSafariViewController.m */,
			);
			name = Controllers;
			sourceTree = "<group>";
		};
/* End PBXGroup section */

/* Begin PBXNativeTarget section */
		EEFDE9631B3B91D20035556D /* HackerNewz */ = {
			isa = PBXNativeTarget;
			buildConfigurationList = EEFDE9871B3B91D20035556D /* Build configuration list for PBXNativeTarget "HackerNewz" */;
			buildPhases = (
				EEFDE9601B3B91D20035556D /* Sources */,
				EEFDE9611B3B91D20035556D /* Frameworks */,
				EEFDE9621B3B91D20035556D /* Resources */,
				38FE55DF4719ECCEC0014824 /* Embed Pods Frameworks */,
			);
			buildRules = (
			);
			dependencies = (
			);
			name = HackerNewz;
			productName = HackerNewz;
			productReference = EEFDE9641B3B91D20035556D /* HackerNewz.app */;
			productType = "com.apple.product-type.application";
		};
		EEFDE97C1B3B91D20035556D /* HackerNewzTests */ = {
			isa = PBXNativeTarget;
			buildConfigurationList = EEFDE98A1B3B91D20035556D /* Build configuration list for PBXNativeTarget "HackerNewzTests" */;
			buildPhases = (
				EEFDE9791B3B91D20035556D /* Sources */,
				EEFDE97A1B3B91D20035556D /* Frameworks */,
				EEFDE97B1B3B91D20035556D /* Resources */,
				84492503260B84E85BBB0F7A /* Embed Pods Frameworks */,
			);
			buildRules = (
			);
			dependencies = (
				EEFDE97F1B3B91D20035556D /* PBXTargetDependency */,
			);
			name = HackerNewzTests;
			productName = HackerNewzTests;
			productReference = EEFDE97D1B3B91D20035556D /* HackerNewzTests.xctest */;
			productType = "com.apple.product-type.bundle.unit-test";
		};
/* End PBXNativeTarget section */

/* Begin PBXProject section */
		EEFDE95C1B3B91D20035556D /* Project object */ = {
			isa = PBXProject;
			attributes = {
				CLASSPREFIX = C;
				LastUpgradeCheck = 0700;
				ORGANIZATIONNAME = "Skye Freeman";
				TargetAttributes = {
					EEFDE9631B3B91D20035556D = {
						CreatedOnToolsVersion = 6.3.1;
						DevelopmentTeam = DNM8FCEPB5;
					};
					EEFDE97C1B3B91D20035556D = {
						CreatedOnToolsVersion = 6.3.1;
						TestTargetID = EEFDE9631B3B91D20035556D;
					};
				};
			};
			buildConfigurationList = EEFDE95F1B3B91D20035556D /* Build configuration list for PBXProject "HackerNewz" */;
			compatibilityVersion = "Xcode 3.2";
			developmentRegion = English;
			hasScannedForEncodings = 0;
			knownRegions = (
				en,
				Base,
			);
			mainGroup = EEFDE95B1B3B91D20035556D;
			productRefGroup = EEFDE9651B3B91D20035556D /* Products */;
			projectDirPath = "";
			projectRoot = "";
			targets = (
				EEFDE9631B3B91D20035556D /* HackerNewz */,
				EEFDE97C1B3B91D20035556D /* HackerNewzTests */,
			);
		};
/* End PBXProject section */

/* Begin PBXResourcesBuildPhase section */
		EEFDE9621B3B91D20035556D /* Resources */ = {
			isa = PBXResourcesBuildPhase;
			buildActionMask = 2147483647;
			files = (
				EE7ECFFE1B4CBD0700A368DB /* CStoryTableViewCell.xib in Resources */,
				EE9B05421B58B72100260F69 /* HCommentCell.xib in Resources */,
				EEFDE9751B3B91D20035556D /* Images.xcassets in Resources */,
			);
			runOnlyForDeploymentPostprocessing = 0;
		};
		EEFDE97B1B3B91D20035556D /* Resources */ = {
			isa = PBXResourcesBuildPhase;
			buildActionMask = 2147483647;
			files = (
			);
			runOnlyForDeploymentPostprocessing = 0;
		};
/* End PBXResourcesBuildPhase section */

/* Begin PBXShellScriptBuildPhase section */
		38FE55DF4719ECCEC0014824 /* Embed Pods Frameworks */ = {
			isa = PBXShellScriptBuildPhase;
			buildActionMask = 2147483647;
			files = (
			);
			inputPaths = (
			);
			name = "Embed Pods Frameworks";
			outputPaths = (
			);
			runOnlyForDeploymentPostprocessing = 0;
			shellPath = /bin/sh;
			shellScript = "\"${SRCROOT}/Pods/Target Support Files/Pods/Pods-frameworks.sh\"\n";
			showEnvVarsInLog = 0;
		};
		84492503260B84E85BBB0F7A /* Embed Pods Frameworks */ = {
			isa = PBXShellScriptBuildPhase;
			buildActionMask = 2147483647;
			files = (
			);
			inputPaths = (
			);
			name = "Embed Pods Frameworks";
			outputPaths = (
			);
			runOnlyForDeploymentPostprocessing = 0;
			shellPath = /bin/sh;
			shellScript = "\"${SRCROOT}/Pods/Target Support Files/Pods/Pods-frameworks.sh\"\n";
			showEnvVarsInLog = 0;
		};
/* End PBXShellScriptBuildPhase section */

/* Begin PBXSourcesBuildPhase section */
		EEFDE9601B3B91D20035556D /* Sources */ = {
			isa = PBXSourcesBuildPhase;
			buildActionMask = 2147483647;
			files = (
				EED80A321BB4916B00D4113A /* HBaseViewController.m in Sources */,
				EEC9B5411B55CD2B00EEBABA /* HCommentViewController.m in Sources */,
				EE68F99E1C13FD2800488441 /* HArrayDataSource.m in Sources */,
				EEFDE9701B3B91D20035556D /* HHomeViewController.m in Sources */,
				EE9B05391B58B42F00260F69 /* HTableView.m in Sources */,
				EE9A20A01C35D67100FE758D /* CTableViewController.m in Sources */,
				EE9B05401B58B70B00260F69 /* HCommentCell.m in Sources */,
				EE9A20BC1C35EE0800FE758D /* CStoryViewModel.m in Sources */,
				EE68F99A1C13F3D800488441 /* HNAdditions.m in Sources */,
				EE9A20AA1C35DBD900FE758D /* CStoryViewController.m in Sources */,
				EEFDE96D1B3B91D20035556D /* HAppDelegate.m in Sources */,
				EE770A431B41046100ABDD60 /* HWebLinkViewController.m in Sources */,
				EEA34D7A1B555A1600C26E58 /* HCommentBubble.m in Sources */,
				EEC8A8D61B410ADB00D3C3DA /* HWebViewBar.m in Sources */,
				EEA34D811B5562F400C26E58 /* HCommentBubblePointer.m in Sources */,
				EE62ECD31C03FC12002E7D2E /* HSafariViewController.m in Sources */,
				EED5194A1B9FDC41009E79C1 /* CCustomTitleLabel.m in Sources */,
				EE7ECFFD1B4CBD0700A368DB /* CStoryTableViewCell.m in Sources */,
				EE9A20B61C35EB0A00FE758D /* CTableViewCell.m in Sources */,
				EEFDE96A1B3B91D20035556D /* main.m in Sources */,
				EE55BB011B645F1D00ABE960 /* HDropdownMenuView.m in Sources */,
			);
			runOnlyForDeploymentPostprocessing = 0;
		};
		EEFDE9791B3B91D20035556D /* Sources */ = {
			isa = PBXSourcesBuildPhase;
			buildActionMask = 2147483647;
			files = (
				EE9A20BE1C35EE2200FE758D /* CStoryViewModelTests.m in Sources */,
				EE9A20AE1C35DFEB00FE758D /* CStoryTableViewCellTests.m in Sources */,
				EE9A20B31C35EAF400FE758D /* CTableViewCellTests.m in Sources */,
				EE9A20AC1C35DC5500FE758D /* CStoryViewControllerTests.m in Sources */,
				EE68F9A01C13FE0300488441 /* HArrayDataSourceTests.m in Sources */,
				EE9A20A21C35D71C00FE758D /* CTableViewControllerTests.m in Sources */,
				EE9A20A61C35D82400FE758D /* CInspectableTableViewController.m in Sources */,
			);
			runOnlyForDeploymentPostprocessing = 0;
		};
/* End PBXSourcesBuildPhase section */

/* Begin PBXTargetDependency section */
		EEFDE97F1B3B91D20035556D /* PBXTargetDependency */ = {
			isa = PBXTargetDependency;
			target = EEFDE9631B3B91D20035556D /* HackerNewz */;
			targetProxy = EEFDE97E1B3B91D20035556D /* PBXContainerItemProxy */;
		};
/* End PBXTargetDependency section */

/* Begin XCBuildConfiguration section */
		EEFDE9851B3B91D20035556D /* Debug */ = {
			isa = XCBuildConfiguration;
			buildSettings = {
				ALWAYS_SEARCH_USER_PATHS = NO;
				CLANG_CXX_LANGUAGE_STANDARD = "gnu++0x";
				CLANG_CXX_LIBRARY = "libc++";
				CLANG_ENABLE_MODULES = YES;
				CLANG_ENABLE_OBJC_ARC = YES;
				CLANG_WARN_BOOL_CONVERSION = YES;
				CLANG_WARN_CONSTANT_CONVERSION = YES;
				CLANG_WARN_DIRECT_OBJC_ISA_USAGE = YES_ERROR;
				CLANG_WARN_EMPTY_BODY = YES;
				CLANG_WARN_ENUM_CONVERSION = YES;
				CLANG_WARN_INT_CONVERSION = YES;
				CLANG_WARN_OBJC_ROOT_CLASS = YES_ERROR;
				CLANG_WARN_UNREACHABLE_CODE = YES;
				CLANG_WARN__DUPLICATE_METHOD_MATCH = YES;
				"CODE_SIGN_IDENTITY[sdk=iphoneos*]" = "iPhone Developer";
				COPY_PHASE_STRIP = NO;
				DEBUG_INFORMATION_FORMAT = "dwarf-with-dsym";
				ENABLE_STRICT_OBJC_MSGSEND = YES;
				ENABLE_TESTABILITY = YES;
				GCC_C_LANGUAGE_STANDARD = gnu99;
				GCC_DYNAMIC_NO_PIC = NO;
				GCC_NO_COMMON_BLOCKS = YES;
				GCC_OPTIMIZATION_LEVEL = 0;
				GCC_PREPROCESSOR_DEFINITIONS = (
					"DEBUG=1",
					"$(inherited)",
				);
				GCC_SYMBOLS_PRIVATE_EXTERN = NO;
				GCC_WARN_64_TO_32_BIT_CONVERSION = YES;
				GCC_WARN_ABOUT_RETURN_TYPE = YES_ERROR;
				GCC_WARN_UNDECLARED_SELECTOR = YES;
				GCC_WARN_UNINITIALIZED_AUTOS = YES_AGGRESSIVE;
				GCC_WARN_UNUSED_FUNCTION = YES;
				GCC_WARN_UNUSED_VARIABLE = YES;
				IPHONEOS_DEPLOYMENT_TARGET = 8.3;
				MTL_ENABLE_DEBUG_INFO = YES;
				ONLY_ACTIVE_ARCH = YES;
				SDKROOT = iphoneos;
				TARGETED_DEVICE_FAMILY = "1,2";
			};
			name = Debug;
		};
		EEFDE9861B3B91D20035556D /* Release */ = {
			isa = XCBuildConfiguration;
			buildSettings = {
				ALWAYS_SEARCH_USER_PATHS = NO;
				CLANG_CXX_LANGUAGE_STANDARD = "gnu++0x";
				CLANG_CXX_LIBRARY = "libc++";
				CLANG_ENABLE_MODULES = YES;
				CLANG_ENABLE_OBJC_ARC = YES;
				CLANG_WARN_BOOL_CONVERSION = YES;
				CLANG_WARN_CONSTANT_CONVERSION = YES;
				CLANG_WARN_DIRECT_OBJC_ISA_USAGE = YES_ERROR;
				CLANG_WARN_EMPTY_BODY = YES;
				CLANG_WARN_ENUM_CONVERSION = YES;
				CLANG_WARN_INT_CONVERSION = YES;
				CLANG_WARN_OBJC_ROOT_CLASS = YES_ERROR;
				CLANG_WARN_UNREACHABLE_CODE = YES;
				CLANG_WARN__DUPLICATE_METHOD_MATCH = YES;
				"CODE_SIGN_IDENTITY[sdk=iphoneos*]" = "iPhone Developer";
				COPY_PHASE_STRIP = NO;
				DEBUG_INFORMATION_FORMAT = "dwarf-with-dsym";
				ENABLE_NS_ASSERTIONS = NO;
				ENABLE_STRICT_OBJC_MSGSEND = YES;
				GCC_C_LANGUAGE_STANDARD = gnu99;
				GCC_NO_COMMON_BLOCKS = YES;
				GCC_WARN_64_TO_32_BIT_CONVERSION = YES;
				GCC_WARN_ABOUT_RETURN_TYPE = YES_ERROR;
				GCC_WARN_UNDECLARED_SELECTOR = YES;
				GCC_WARN_UNINITIALIZED_AUTOS = YES_AGGRESSIVE;
				GCC_WARN_UNUSED_FUNCTION = YES;
				GCC_WARN_UNUSED_VARIABLE = YES;
				IPHONEOS_DEPLOYMENT_TARGET = 8.3;
				MTL_ENABLE_DEBUG_INFO = NO;
				SDKROOT = iphoneos;
				TARGETED_DEVICE_FAMILY = "1,2";
				VALIDATE_PRODUCT = YES;
			};
			name = Release;
		};
		EEFDE9881B3B91D20035556D /* Debug */ = {
			isa = XCBuildConfiguration;
			baseConfigurationReference = 94747484D04ECA845F722513 /* Pods.debug.xcconfig */;
			buildSettings = {
				ASSETCATALOG_COMPILER_APPICON_NAME = AppIcon;
				ASSETCATALOG_COMPILER_LAUNCHIMAGE_NAME = LaunchImage;
				CODE_SIGN_IDENTITY = "iPhone Developer";
				HEADER_SEARCH_PATHS = (
					"$(inherited)",
					"\"${PODS_ROOT}/Headers/Public\"",
					"\"${PODS_ROOT}/\"/**",
				);
				INFOPLIST_FILE = HackerNewz/Info.plist;
				LD_RUNPATH_SEARCH_PATHS = "$(inherited) @executable_path/Frameworks";
				PRODUCT_BUNDLE_IDENTIFIER = "com.skyefreeman.$(PRODUCT_NAME:rfc1034identifier)";
				PRODUCT_NAME = "$(TARGET_NAME)";
				TARGETED_DEVICE_FAMILY = 1;
				USER_HEADER_SEARCH_PATHS = "$(BUILT_PRODUCTS_DIR)/**";
			};
			name = Debug;
		};
		EEFDE9891B3B91D20035556D /* Release */ = {
			isa = XCBuildConfiguration;
			baseConfigurationReference = 248969498F9D1B7E31942B34 /* Pods.release.xcconfig */;
			buildSettings = {
				ASSETCATALOG_COMPILER_APPICON_NAME = AppIcon;
				ASSETCATALOG_COMPILER_LAUNCHIMAGE_NAME = LaunchImage;
				CODE_SIGN_IDENTITY = "iPhone Developer";
				HEADER_SEARCH_PATHS = (
					"$(inherited)",
					"\"${PODS_ROOT}/Headers/Public\"",
					"\"${PODS_ROOT}/\"/**",
				);
				INFOPLIST_FILE = HackerNewz/Info.plist;
				LD_RUNPATH_SEARCH_PATHS = "$(inherited) @executable_path/Frameworks";
				PRODUCT_BUNDLE_IDENTIFIER = "com.skyefreeman.$(PRODUCT_NAME:rfc1034identifier)";
				PRODUCT_NAME = "$(TARGET_NAME)";
				TARGETED_DEVICE_FAMILY = 1;
				USER_HEADER_SEARCH_PATHS = "$(BUILT_PRODUCTS_DIR)/**";
			};
			name = Release;
		};
		EEFDE98B1B3B91D20035556D /* Debug */ = {
			isa = XCBuildConfiguration;
			baseConfigurationReference = 94747484D04ECA845F722513 /* Pods.debug.xcconfig */;
			buildSettings = {
				BUNDLE_LOADER = "$(TEST_HOST)";
				GCC_PREPROCESSOR_DEFINITIONS = (
					"DEBUG=1",
					"$(inherited)",
				);
				HEADER_SEARCH_PATHS = (
					"$(inherited)",
					"\"${PODS_ROOT}/\"/**",
				);
				INFOPLIST_FILE = HackerNewzTests/Info.plist;
				LD_RUNPATH_SEARCH_PATHS = "$(inherited) @executable_path/Frameworks @loader_path/Frameworks";
				PRODUCT_BUNDLE_IDENTIFIER = "com.skyefreeman.$(PRODUCT_NAME:rfc1034identifier)";
				PRODUCT_NAME = "$(TARGET_NAME)";
				TEST_HOST = "$(BUILT_PRODUCTS_DIR)/HackerNewz.app/HackerNewz";
			};
			name = Debug;
		};
		EEFDE98C1B3B91D20035556D /* Release */ = {
			isa = XCBuildConfiguration;
			baseConfigurationReference = 248969498F9D1B7E31942B34 /* Pods.release.xcconfig */;
			buildSettings = {
				BUNDLE_LOADER = "$(TEST_HOST)";
				HEADER_SEARCH_PATHS = (
					"$(inherited)",
					"\"${PODS_ROOT}/\"/**",
				);
				INFOPLIST_FILE = HackerNewzTests/Info.plist;
				LD_RUNPATH_SEARCH_PATHS = "$(inherited) @executable_path/Frameworks @loader_path/Frameworks";
				PRODUCT_BUNDLE_IDENTIFIER = "com.skyefreeman.$(PRODUCT_NAME:rfc1034identifier)";
				PRODUCT_NAME = "$(TARGET_NAME)";
				TEST_HOST = "$(BUILT_PRODUCTS_DIR)/HackerNewz.app/HackerNewz";
			};
			name = Release;
		};
/* End XCBuildConfiguration section */

/* Begin XCConfigurationList section */
		EEFDE95F1B3B91D20035556D /* Build configuration list for PBXProject "HackerNewz" */ = {
			isa = XCConfigurationList;
			buildConfigurations = (
				EEFDE9851B3B91D20035556D /* Debug */,
				EEFDE9861B3B91D20035556D /* Release */,
			);
			defaultConfigurationIsVisible = 0;
			defaultConfigurationName = Release;
		};
		EEFDE9871B3B91D20035556D /* Build configuration list for PBXNativeTarget "HackerNewz" */ = {
			isa = XCConfigurationList;
			buildConfigurations = (
				EEFDE9881B3B91D20035556D /* Debug */,
				EEFDE9891B3B91D20035556D /* Release */,
			);
			defaultConfigurationIsVisible = 0;
			defaultConfigurationName = Release;
		};
		EEFDE98A1B3B91D20035556D /* Build configuration list for PBXNativeTarget "HackerNewzTests" */ = {
			isa = XCConfigurationList;
			buildConfigurations = (
				EEFDE98B1B3B91D20035556D /* Debug */,
				EEFDE98C1B3B91D20035556D /* Release */,
			);
			defaultConfigurationIsVisible = 0;
			defaultConfigurationName = Release;
		};
/* End XCConfigurationList section */
	};
	rootObject = EEFDE95C1B3B91D20035556D /* Project object */;
}
